
Microsoft Visual Studio Solution File, Format Version 12.00
# Visual Studio Version 16
VisualStudioVersion = 16.0.32002.261
MinimumVisualStudioVersion = 10.0.40219.1
Project("{8BC9CEB8-8B4A-11D0-8D11-00A0C91BC942}") = "29-1.simple_thread", "..\ch29-threads\simple_thread.vcxproj", "{20240114-0000-0000-0000-083329000001}"
EndProject
Project("{8BC9CEB8-8B4A-11D0-8D11-00A0C91BC942}") = "00_libtlpi", "..\lib\00_libtlpi.vcxproj", "{20231214-0000-0000-0000-211843000001}"
EndProject
Project("{8BC9CEB8-8B4A-11D0-8D11-00A0C91BC942}") = "30-1.thread_incr", "..\ch29-threads\thread_incr.vcxproj", "{20240129-0000-0000-0000-111731000001}"
EndProject
Project("{8BC9CEB8-8B4A-11D0-8D11-00A0C91BC942}") = "30-2.thread_incr_mutex", "..\ch29-threads\thread_incr_mutex.vcxproj", "{20240129-0000-0000-0000-114750000001}"
EndProject
Project("{8BC9CEB8-8B4A-11D0-8D11-00A0C91BC942}") = "30-3b.prod_condvar", "..\ch29-threads\prod_condvar.vcxproj", "{20240129-0000-0000-0000-141340000001}"
EndProject
Project("{8BC9CEB8-8B4A-11D0-8D11-00A0C91BC942}") = "30-4.thread_multijoin", "..\ch29-threads\thread_multijoin.vcxproj", "{20240129-0000-0000-0000-195504000001}"
EndProject
Project("{8BC9CEB8-8B4A-11D0-8D11-00A0C91BC942}") = "33-e1.whogetsig", "..\ch29-threads\whogetsig.vcxproj", "{20240204-0000-0000-0000-141419000001}"
EndProject
Project("{8BC9CEB8-8B4A-11D0-8D11-00A0C91BC942}") = "33-e2.kill2way", "..\ch29-threads\kill2way.vcxproj", "{20240204-0000-0000-0000-214836000001}"
EndProject
Project("{8BC9CEB8-8B4A-11D0-8D11-00A0C91BC942}") = "31-1.strerror", "..\ch29-threads\strerror.vcxproj", "{20240205-0000-0000-0000-234522000001}"
EndProject
Project("{8BC9CEB8-8B4A-11D0-8D11-00A0C91BC942}") = "31-3.strerror_tsd", "..\ch29-threads\strerror_tsd.vcxproj", "{20240205-0000-0000-0000-235134000001}"
EndProject
Project("{8BC9CEB8-8B4A-11D0-8D11-00A0C91BC942}") = "31-4.strerror_tls", "..\ch29-threads\strerror_tls.vcxproj", "{20240206-0000-0000-0000-004252000001}"
EndProject
Project("{8BC9CEB8-8B4A-11D0-8D11-00A0C91BC942}") = "32-1.thread_cancel", "..\ch29-threads\thread_cancel.vcxproj", "{20240206-0000-0000-0000-092453000001}"
EndProject
Project("{8BC9CEB8-8B4A-11D0-8D11-00A0C91BC942}") = "32-2.thread_cleanup", "..\ch29-threads\thread_cleanup.vcxproj", "{20240206-0000-0000-0000-100312000001}"
EndProject
Global
	GlobalSection(SolutionConfigurationPlatforms) = preSolution
		Debug-remote-gcc|ARM = Debug-remote-gcc|ARM
		Debug-remote-gcc|ARM64 = Debug-remote-gcc|ARM64
		Debug-remote-gcc|x64 = Debug-remote-gcc|x64
		Debug-remote-gcc|x86 = Debug-remote-gcc|x86
		Debug-WSL-gcc|ARM = Debug-WSL-gcc|ARM
		Debug-WSL-gcc|ARM64 = Debug-WSL-gcc|ARM64
		Debug-WSL-gcc|x64 = Debug-WSL-gcc|x64
		Debug-WSL-gcc|x86 = Debug-WSL-gcc|x86
		Release|ARM = Release|ARM
		Release|ARM64 = Release|ARM64
		Release|x64 = Release|x64
		Release|x86 = Release|x86
	EndGlobalSection
	GlobalSection(ProjectConfigurationPlatforms) = postSolution
		{20240114-0000-0000-0000-083329000001}.Debug-remote-gcc|ARM.ActiveCfg = Debug-remote-gcc|ARM
		{20240114-0000-0000-0000-083329000001}.Debug-remote-gcc|ARM.Build.0 = Debug-remote-gcc|ARM
		{20240114-0000-0000-0000-083329000001}.Debug-remote-gcc|ARM.Deploy.0 = Debug-remote-gcc|ARM
		{20240114-0000-0000-0000-083329000001}.Debug-remote-gcc|ARM64.ActiveCfg = Debug-remote-gcc|ARM64
		{20240114-0000-0000-0000-083329000001}.Debug-remote-gcc|ARM64.Build.0 = Debug-remote-gcc|ARM64
		{20240114-0000-0000-0000-083329000001}.Debug-remote-gcc|ARM64.Deploy.0 = Debug-remote-gcc|ARM64
		{20240114-0000-0000-0000-083329000001}.Debug-remote-gcc|x64.ActiveCfg = Debug-remote-gcc|x64
		{20240114-0000-0000-0000-083329000001}.Debug-remote-gcc|x64.Build.0 = Debug-remote-gcc|x64
		{20240114-0000-0000-0000-083329000001}.Debug-remote-gcc|x64.Deploy.0 = Debug-remote-gcc|x64
		{20240114-0000-0000-0000-083329000001}.Debug-remote-gcc|x86.ActiveCfg = Debug-remote-gcc|x86
		{20240114-0000-0000-0000-083329000001}.Debug-remote-gcc|x86.Build.0 = Debug-remote-gcc|x86
		{20240114-0000-0000-0000-083329000001}.Debug-remote-gcc|x86.Deploy.0 = Debug-remote-gcc|x86
		{20240114-0000-0000-0000-083329000001}.Debug-WSL-gcc|ARM.ActiveCfg = Debug-WSL-gcc|ARM
		{20240114-0000-0000-0000-083329000001}.Debug-WSL-gcc|ARM.Build.0 = Debug-WSL-gcc|ARM
		{20240114-0000-0000-0000-083329000001}.Debug-WSL-gcc|ARM.Deploy.0 = Debug-WSL-gcc|ARM
		{20240114-0000-0000-0000-083329000001}.Debug-WSL-gcc|ARM64.ActiveCfg = Debug-WSL-gcc|ARM64
		{20240114-0000-0000-0000-083329000001}.Debug-WSL-gcc|ARM64.Build.0 = Debug-WSL-gcc|ARM64
		{20240114-0000-0000-0000-083329000001}.Debug-WSL-gcc|ARM64.Deploy.0 = Debug-WSL-gcc|ARM64
		{20240114-0000-0000-0000-083329000001}.Debug-WSL-gcc|x64.ActiveCfg = Debug-WSL-gcc|x64
		{20240114-0000-0000-0000-083329000001}.Debug-WSL-gcc|x64.Build.0 = Debug-WSL-gcc|x64
		{20240114-0000-0000-0000-083329000001}.Debug-WSL-gcc|x64.Deploy.0 = Debug-WSL-gcc|x64
		{20240114-0000-0000-0000-083329000001}.Debug-WSL-gcc|x86.ActiveCfg = Debug-WSL-gcc|x86
		{20240114-0000-0000-0000-083329000001}.Debug-WSL-gcc|x86.Build.0 = Debug-WSL-gcc|x86
		{20240114-0000-0000-0000-083329000001}.Debug-WSL-gcc|x86.Deploy.0 = Debug-WSL-gcc|x86
		{20240114-0000-0000-0000-083329000001}.Release|ARM.ActiveCfg = Release|ARM
		{20240114-0000-0000-0000-083329000001}.Release|ARM.Build.0 = Release|ARM
		{20240114-0000-0000-0000-083329000001}.Release|ARM.Deploy.0 = Release|ARM
		{20240114-0000-0000-0000-083329000001}.Release|ARM64.ActiveCfg = Release|ARM64
		{20240114-0000-0000-0000-083329000001}.Release|ARM64.Build.0 = Release|ARM64
		{20240114-0000-0000-0000-083329000001}.Release|ARM64.Deploy.0 = Release|ARM64
		{20240114-0000-0000-0000-083329000001}.Release|x64.ActiveCfg = Release|x64
		{20240114-0000-0000-0000-083329000001}.Release|x64.Build.0 = Release|x64
		{20240114-0000-0000-0000-083329000001}.Release|x64.Deploy.0 = Release|x64
		{20240114-0000-0000-0000-083329000001}.Release|x86.ActiveCfg = Release|x86
		{20240114-0000-0000-0000-083329000001}.Release|x86.Build.0 = Release|x86
		{20240114-0000-0000-0000-083329000001}.Release|x86.Deploy.0 = Release|x86
		{20231214-0000-0000-0000-211843000001}.Debug-remote-gcc|ARM.ActiveCfg = Debug-remote-gcc|ARM
		{20231214-0000-0000-0000-211843000001}.Debug-remote-gcc|ARM.Build.0 = Debug-remote-gcc|ARM
		{20231214-0000-0000-0000-211843000001}.Debug-remote-gcc|ARM.Deploy.0 = Debug-remote-gcc|ARM
		{20231214-0000-0000-0000-211843000001}.Debug-remote-gcc|ARM64.ActiveCfg = Debug-remote-gcc|ARM64
		{20231214-0000-0000-0000-211843000001}.Debug-remote-gcc|ARM64.Build.0 = Debug-remote-gcc|ARM64
		{20231214-0000-0000-0000-211843000001}.Debug-remote-gcc|ARM64.Deploy.0 = Debug-remote-gcc|ARM64
		{20231214-0000-0000-0000-211843000001}.Debug-remote-gcc|x64.ActiveCfg = Debug-remote-gcc|x64
		{20231214-0000-0000-0000-211843000001}.Debug-remote-gcc|x64.Build.0 = Debug-remote-gcc|x64
		{20231214-0000-0000-0000-211843000001}.Debug-remote-gcc|x64.Deploy.0 = Debug-remote-gcc|x64
		{20231214-0000-0000-0000-211843000001}.Debug-remote-gcc|x86.ActiveCfg = Debug-remote-gcc|x86
		{20231214-0000-0000-0000-211843000001}.Debug-remote-gcc|x86.Build.0 = Debug-remote-gcc|x86
		{20231214-0000-0000-0000-211843000001}.Debug-remote-gcc|x86.Deploy.0 = Debug-remote-gcc|x86
		{20231214-0000-0000-0000-211843000001}.Debug-WSL-gcc|ARM.ActiveCfg = Debug-WSL-gcc|ARM
		{20231214-0000-0000-0000-211843000001}.Debug-WSL-gcc|ARM.Build.0 = Debug-WSL-gcc|ARM
		{20231214-0000-0000-0000-211843000001}.Debug-WSL-gcc|ARM.Deploy.0 = Debug-WSL-gcc|ARM
		{20231214-0000-0000-0000-211843000001}.Debug-WSL-gcc|ARM64.ActiveCfg = Debug-WSL-gcc|ARM64
		{20231214-0000-0000-0000-211843000001}.Debug-WSL-gcc|ARM64.Build.0 = Debug-WSL-gcc|ARM64
		{20231214-0000-0000-0000-211843000001}.Debug-WSL-gcc|ARM64.Deploy.0 = Debug-WSL-gcc|ARM64
		{20231214-0000-0000-0000-211843000001}.Debug-WSL-gcc|x64.ActiveCfg = Debug-WSL-gcc|x64
		{20231214-0000-0000-0000-211843000001}.Debug-WSL-gcc|x64.Build.0 = Debug-WSL-gcc|x64
		{20231214-0000-0000-0000-211843000001}.Debug-WSL-gcc|x64.Deploy.0 = Debug-WSL-gcc|x64
		{20231214-0000-0000-0000-211843000001}.Debug-WSL-gcc|x86.ActiveCfg = Debug-WSL-gcc|x86
		{20231214-0000-0000-0000-211843000001}.Debug-WSL-gcc|x86.Build.0 = Debug-WSL-gcc|x86
		{20231214-0000-0000-0000-211843000001}.Debug-WSL-gcc|x86.Deploy.0 = Debug-WSL-gcc|x86
		{20231214-0000-0000-0000-211843000001}.Release|ARM.ActiveCfg = Release|ARM
		{20231214-0000-0000-0000-211843000001}.Release|ARM.Build.0 = Release|ARM
		{20231214-0000-0000-0000-211843000001}.Release|ARM.Deploy.0 = Release|ARM
		{20231214-0000-0000-0000-211843000001}.Release|ARM64.ActiveCfg = Release|ARM64
		{20231214-0000-0000-0000-211843000001}.Release|ARM64.Build.0 = Release|ARM64
		{20231214-0000-0000-0000-211843000001}.Release|ARM64.Deploy.0 = Release|ARM64
		{20231214-0000-0000-0000-211843000001}.Release|x64.ActiveCfg = Release|x64
		{20231214-0000-0000-0000-211843000001}.Release|x64.Build.0 = Release|x64
		{20231214-0000-0000-0000-211843000001}.Release|x64.Deploy.0 = Release|x64
		{20231214-0000-0000-0000-211843000001}.Release|x86.ActiveCfg = Release|x86
		{20231214-0000-0000-0000-211843000001}.Release|x86.Build.0 = Release|x86
		{20231214-0000-0000-0000-211843000001}.Release|x86.Deploy.0 = Release|x86
		{20240129-0000-0000-0000-111731000001}.Debug-remote-gcc|ARM.ActiveCfg = Debug-remote-gcc|ARM
		{20240129-0000-0000-0000-111731000001}.Debug-remote-gcc|ARM.Build.0 = Debug-remote-gcc|ARM
		{20240129-0000-0000-0000-111731000001}.Debug-remote-gcc|ARM.Deploy.0 = Debug-remote-gcc|ARM
		{20240129-0000-0000-0000-111731000001}.Debug-remote-gcc|ARM64.ActiveCfg = Debug-remote-gcc|ARM64
		{20240129-0000-0000-0000-111731000001}.Debug-remote-gcc|ARM64.Build.0 = Debug-remote-gcc|ARM64
		{20240129-0000-0000-0000-111731000001}.Debug-remote-gcc|ARM64.Deploy.0 = Debug-remote-gcc|ARM64
		{20240129-0000-0000-0000-111731000001}.Debug-remote-gcc|x64.ActiveCfg = Debug-remote-gcc|x64
		{20240129-0000-0000-0000-111731000001}.Debug-remote-gcc|x64.Build.0 = Debug-remote-gcc|x64
		{20240129-0000-0000-0000-111731000001}.Debug-remote-gcc|x64.Deploy.0 = Debug-remote-gcc|x64
		{20240129-0000-0000-0000-111731000001}.Debug-remote-gcc|x86.ActiveCfg = Debug-remote-gcc|x86
		{20240129-0000-0000-0000-111731000001}.Debug-remote-gcc|x86.Build.0 = Debug-remote-gcc|x86
		{20240129-0000-0000-0000-111731000001}.Debug-remote-gcc|x86.Deploy.0 = Debug-remote-gcc|x86
		{20240129-0000-0000-0000-111731000001}.Debug-WSL-gcc|ARM.ActiveCfg = Debug-WSL-gcc|ARM
		{20240129-0000-0000-0000-111731000001}.Debug-WSL-gcc|ARM.Build.0 = Debug-WSL-gcc|ARM
		{20240129-0000-0000-0000-111731000001}.Debug-WSL-gcc|ARM.Deploy.0 = Debug-WSL-gcc|ARM
		{20240129-0000-0000-0000-111731000001}.Debug-WSL-gcc|ARM64.ActiveCfg = Debug-WSL-gcc|ARM64
		{20240129-0000-0000-0000-111731000001}.Debug-WSL-gcc|ARM64.Build.0 = Debug-WSL-gcc|ARM64
		{20240129-0000-0000-0000-111731000001}.Debug-WSL-gcc|ARM64.Deploy.0 = Debug-WSL-gcc|ARM64
		{20240129-0000-0000-0000-111731000001}.Debug-WSL-gcc|x64.ActiveCfg = Debug-WSL-gcc|x64
		{20240129-0000-0000-0000-111731000001}.Debug-WSL-gcc|x64.Build.0 = Debug-WSL-gcc|x64
		{20240129-0000-0000-0000-111731000001}.Debug-WSL-gcc|x64.Deploy.0 = Debug-WSL-gcc|x64
		{20240129-0000-0000-0000-111731000001}.Debug-WSL-gcc|x86.ActiveCfg = Debug-WSL-gcc|x86
		{20240129-0000-0000-0000-111731000001}.Debug-WSL-gcc|x86.Build.0 = Debug-WSL-gcc|x86
		{20240129-0000-0000-0000-111731000001}.Debug-WSL-gcc|x86.Deploy.0 = Debug-WSL-gcc|x86
		{20240129-0000-0000-0000-111731000001}.Release|ARM.ActiveCfg = Release|ARM
		{20240129-0000-0000-0000-111731000001}.Release|ARM.Build.0 = Release|ARM
		{20240129-0000-0000-0000-111731000001}.Release|ARM.Deploy.0 = Release|ARM
		{20240129-0000-0000-0000-111731000001}.Release|ARM64.ActiveCfg = Release|ARM64
		{20240129-0000-0000-0000-111731000001}.Release|ARM64.Build.0 = Release|ARM64
		{20240129-0000-0000-0000-111731000001}.Release|ARM64.Deploy.0 = Release|ARM64
		{20240129-0000-0000-0000-111731000001}.Release|x64.ActiveCfg = Release|x64
		{20240129-0000-0000-0000-111731000001}.Release|x64.Build.0 = Release|x64
		{20240129-0000-0000-0000-111731000001}.Release|x64.Deploy.0 = Release|x64
		{20240129-0000-0000-0000-111731000001}.Release|x86.ActiveCfg = Release|x86
		{20240129-0000-0000-0000-111731000001}.Release|x86.Build.0 = Release|x86
		{20240129-0000-0000-0000-111731000001}.Release|x86.Deploy.0 = Release|x86
		{20240129-0000-0000-0000-114750000001}.Debug-remote-gcc|ARM.ActiveCfg = Debug-remote-gcc|ARM
		{20240129-0000-0000-0000-114750000001}.Debug-remote-gcc|ARM.Build.0 = Debug-remote-gcc|ARM
		{20240129-0000-0000-0000-114750000001}.Debug-remote-gcc|ARM.Deploy.0 = Debug-remote-gcc|ARM
		{20240129-0000-0000-0000-114750000001}.Debug-remote-gcc|ARM64.ActiveCfg = Debug-remote-gcc|ARM64
		{20240129-0000-0000-0000-114750000001}.Debug-remote-gcc|ARM64.Build.0 = Debug-remote-gcc|ARM64
		{20240129-0000-0000-0000-114750000001}.Debug-remote-gcc|ARM64.Deploy.0 = Debug-remote-gcc|ARM64
		{20240129-0000-0000-0000-114750000001}.Debug-remote-gcc|x64.ActiveCfg = Debug-remote-gcc|x64
		{20240129-0000-0000-0000-114750000001}.Debug-remote-gcc|x64.Build.0 = Debug-remote-gcc|x64
		{20240129-0000-0000-0000-114750000001}.Debug-remote-gcc|x64.Deploy.0 = Debug-remote-gcc|x64
		{20240129-0000-0000-0000-114750000001}.Debug-remote-gcc|x86.ActiveCfg = Debug-remote-gcc|x86
		{20240129-0000-0000-0000-114750000001}.Debug-remote-gcc|x86.Build.0 = Debug-remote-gcc|x86
		{20240129-0000-0000-0000-114750000001}.Debug-remote-gcc|x86.Deploy.0 = Debug-remote-gcc|x86
		{20240129-0000-0000-0000-114750000001}.Debug-WSL-gcc|ARM.ActiveCfg = Debug-WSL-gcc|ARM
		{20240129-0000-0000-0000-114750000001}.Debug-WSL-gcc|ARM.Build.0 = Debug-WSL-gcc|ARM
		{20240129-0000-0000-0000-114750000001}.Debug-WSL-gcc|ARM.Deploy.0 = Debug-WSL-gcc|ARM
		{20240129-0000-0000-0000-114750000001}.Debug-WSL-gcc|ARM64.ActiveCfg = Debug-WSL-gcc|ARM64
		{20240129-0000-0000-0000-114750000001}.Debug-WSL-gcc|ARM64.Build.0 = Debug-WSL-gcc|ARM64
		{20240129-0000-0000-0000-114750000001}.Debug-WSL-gcc|ARM64.Deploy.0 = Debug-WSL-gcc|ARM64
		{20240129-0000-0000-0000-114750000001}.Debug-WSL-gcc|x64.ActiveCfg = Debug-WSL-gcc|x64
		{20240129-0000-0000-0000-114750000001}.Debug-WSL-gcc|x64.Build.0 = Debug-WSL-gcc|x64
		{20240129-0000-0000-0000-114750000001}.Debug-WSL-gcc|x64.Deploy.0 = Debug-WSL-gcc|x64
		{20240129-0000-0000-0000-114750000001}.Debug-WSL-gcc|x86.ActiveCfg = Debug-WSL-gcc|x86
		{20240129-0000-0000-0000-114750000001}.Debug-WSL-gcc|x86.Build.0 = Debug-WSL-gcc|x86
		{20240129-0000-0000-0000-114750000001}.Debug-WSL-gcc|x86.Deploy.0 = Debug-WSL-gcc|x86
		{20240129-0000-0000-0000-114750000001}.Release|ARM.ActiveCfg = Release|ARM
		{20240129-0000-0000-0000-114750000001}.Release|ARM.Build.0 = Release|ARM
		{20240129-0000-0000-0000-114750000001}.Release|ARM.Deploy.0 = Release|ARM
		{20240129-0000-0000-0000-114750000001}.Release|ARM64.ActiveCfg = Release|ARM64
		{20240129-0000-0000-0000-114750000001}.Release|ARM64.Build.0 = Release|ARM64
		{20240129-0000-0000-0000-114750000001}.Release|ARM64.Deploy.0 = Release|ARM64
		{20240129-0000-0000-0000-114750000001}.Release|x64.ActiveCfg = Release|x64
		{20240129-0000-0000-0000-114750000001}.Release|x64.Build.0 = Release|x64
		{20240129-0000-0000-0000-114750000001}.Release|x64.Deploy.0 = Release|x64
		{20240129-0000-0000-0000-114750000001}.Release|x86.ActiveCfg = Release|x86
		{20240129-0000-0000-0000-114750000001}.Release|x86.Build.0 = Release|x86
		{20240129-0000-0000-0000-114750000001}.Release|x86.Deploy.0 = Release|x86
		{20240129-0000-0000-0000-141340000001}.Debug-remote-gcc|ARM.ActiveCfg = Debug-remote-gcc|ARM
		{20240129-0000-0000-0000-141340000001}.Debug-remote-gcc|ARM.Build.0 = Debug-remote-gcc|ARM
		{20240129-0000-0000-0000-141340000001}.Debug-remote-gcc|ARM.Deploy.0 = Debug-remote-gcc|ARM
		{20240129-0000-0000-0000-141340000001}.Debug-remote-gcc|ARM64.ActiveCfg = Debug-remote-gcc|ARM64
		{20240129-0000-0000-0000-141340000001}.Debug-remote-gcc|ARM64.Build.0 = Debug-remote-gcc|ARM64
		{20240129-0000-0000-0000-141340000001}.Debug-remote-gcc|ARM64.Deploy.0 = Debug-remote-gcc|ARM64
		{20240129-0000-0000-0000-141340000001}.Debug-remote-gcc|x64.ActiveCfg = Debug-remote-gcc|x64
		{20240129-0000-0000-0000-141340000001}.Debug-remote-gcc|x64.Build.0 = Debug-remote-gcc|x64
		{20240129-0000-0000-0000-141340000001}.Debug-remote-gcc|x64.Deploy.0 = Debug-remote-gcc|x64
		{20240129-0000-0000-0000-141340000001}.Debug-remote-gcc|x86.ActiveCfg = Debug-remote-gcc|x86
		{20240129-0000-0000-0000-141340000001}.Debug-remote-gcc|x86.Build.0 = Debug-remote-gcc|x86
		{20240129-0000-0000-0000-141340000001}.Debug-remote-gcc|x86.Deploy.0 = Debug-remote-gcc|x86
		{20240129-0000-0000-0000-141340000001}.Debug-WSL-gcc|ARM.ActiveCfg = Debug-WSL-gcc|ARM
		{20240129-0000-0000-0000-141340000001}.Debug-WSL-gcc|ARM.Build.0 = Debug-WSL-gcc|ARM
		{20240129-0000-0000-0000-141340000001}.Debug-WSL-gcc|ARM.Deploy.0 = Debug-WSL-gcc|ARM
		{20240129-0000-0000-0000-141340000001}.Debug-WSL-gcc|ARM64.ActiveCfg = Debug-WSL-gcc|ARM64
		{20240129-0000-0000-0000-141340000001}.Debug-WSL-gcc|ARM64.Build.0 = Debug-WSL-gcc|ARM64
		{20240129-0000-0000-0000-141340000001}.Debug-WSL-gcc|ARM64.Deploy.0 = Debug-WSL-gcc|ARM64
		{20240129-0000-0000-0000-141340000001}.Debug-WSL-gcc|x64.ActiveCfg = Debug-WSL-gcc|x64
		{20240129-0000-0000-0000-141340000001}.Debug-WSL-gcc|x64.Build.0 = Debug-WSL-gcc|x64
		{20240129-0000-0000-0000-141340000001}.Debug-WSL-gcc|x64.Deploy.0 = Debug-WSL-gcc|x64
		{20240129-0000-0000-0000-141340000001}.Debug-WSL-gcc|x86.ActiveCfg = Debug-WSL-gcc|x86
		{20240129-0000-0000-0000-141340000001}.Debug-WSL-gcc|x86.Build.0 = Debug-WSL-gcc|x86
		{20240129-0000-0000-0000-141340000001}.Debug-WSL-gcc|x86.Deploy.0 = Debug-WSL-gcc|x86
		{20240129-0000-0000-0000-141340000001}.Release|ARM.ActiveCfg = Release|ARM
		{20240129-0000-0000-0000-141340000001}.Release|ARM.Build.0 = Release|ARM
		{20240129-0000-0000-0000-141340000001}.Release|ARM.Deploy.0 = Release|ARM
		{20240129-0000-0000-0000-141340000001}.Release|ARM64.ActiveCfg = Release|ARM64
		{20240129-0000-0000-0000-141340000001}.Release|ARM64.Build.0 = Release|ARM64
		{20240129-0000-0000-0000-141340000001}.Release|ARM64.Deploy.0 = Release|ARM64
		{20240129-0000-0000-0000-141340000001}.Release|x64.ActiveCfg = Release|x64
		{20240129-0000-0000-0000-141340000001}.Release|x64.Build.0 = Release|x64
		{20240129-0000-0000-0000-141340000001}.Release|x64.Deploy.0 = Release|x64
		{20240129-0000-0000-0000-141340000001}.Release|x86.ActiveCfg = Release|x86
		{20240129-0000-0000-0000-141340000001}.Release|x86.Build.0 = Release|x86
		{20240129-0000-0000-0000-141340000001}.Release|x86.Deploy.0 = Release|x86
		{20240129-0000-0000-0000-195504000001}.Debug-remote-gcc|ARM.ActiveCfg = Debug-remote-gcc|ARM
		{20240129-0000-0000-0000-195504000001}.Debug-remote-gcc|ARM.Build.0 = Debug-remote-gcc|ARM
		{20240129-0000-0000-0000-195504000001}.Debug-remote-gcc|ARM.Deploy.0 = Debug-remote-gcc|ARM
		{20240129-0000-0000-0000-195504000001}.Debug-remote-gcc|ARM64.ActiveCfg = Debug-remote-gcc|ARM64
		{20240129-0000-0000-0000-195504000001}.Debug-remote-gcc|ARM64.Build.0 = Debug-remote-gcc|ARM64
		{20240129-0000-0000-0000-195504000001}.Debug-remote-gcc|ARM64.Deploy.0 = Debug-remote-gcc|ARM64
		{20240129-0000-0000-0000-195504000001}.Debug-remote-gcc|x64.ActiveCfg = Debug-remote-gcc|x64
		{20240129-0000-0000-0000-195504000001}.Debug-remote-gcc|x64.Build.0 = Debug-remote-gcc|x64
		{20240129-0000-0000-0000-195504000001}.Debug-remote-gcc|x64.Deploy.0 = Debug-remote-gcc|x64
		{20240129-0000-0000-0000-195504000001}.Debug-remote-gcc|x86.ActiveCfg = Debug-remote-gcc|x86
		{20240129-0000-0000-0000-195504000001}.Debug-remote-gcc|x86.Build.0 = Debug-remote-gcc|x86
		{20240129-0000-0000-0000-195504000001}.Debug-remote-gcc|x86.Deploy.0 = Debug-remote-gcc|x86
		{20240129-0000-0000-0000-195504000001}.Debug-WSL-gcc|ARM.ActiveCfg = Debug-WSL-gcc|ARM
		{20240129-0000-0000-0000-195504000001}.Debug-WSL-gcc|ARM.Build.0 = Debug-WSL-gcc|ARM
		{20240129-0000-0000-0000-195504000001}.Debug-WSL-gcc|ARM.Deploy.0 = Debug-WSL-gcc|ARM
		{20240129-0000-0000-0000-195504000001}.Debug-WSL-gcc|ARM64.ActiveCfg = Debug-WSL-gcc|ARM64
		{20240129-0000-0000-0000-195504000001}.Debug-WSL-gcc|ARM64.Build.0 = Debug-WSL-gcc|ARM64
		{20240129-0000-0000-0000-195504000001}.Debug-WSL-gcc|ARM64.Deploy.0 = Debug-WSL-gcc|ARM64
		{20240129-0000-0000-0000-195504000001}.Debug-WSL-gcc|x64.ActiveCfg = Debug-WSL-gcc|x64
		{20240129-0000-0000-0000-195504000001}.Debug-WSL-gcc|x64.Build.0 = Debug-WSL-gcc|x64
		{20240129-0000-0000-0000-195504000001}.Debug-WSL-gcc|x64.Deploy.0 = Debug-WSL-gcc|x64
		{20240129-0000-0000-0000-195504000001}.Debug-WSL-gcc|x86.ActiveCfg = Debug-WSL-gcc|x86
		{20240129-0000-0000-0000-195504000001}.Debug-WSL-gcc|x86.Build.0 = Debug-WSL-gcc|x86
		{20240129-0000-0000-0000-195504000001}.Debug-WSL-gcc|x86.Deploy.0 = Debug-WSL-gcc|x86
		{20240129-0000-0000-0000-195504000001}.Release|ARM.ActiveCfg = Release|ARM
		{20240129-0000-0000-0000-195504000001}.Release|ARM.Build.0 = Release|ARM
		{20240129-0000-0000-0000-195504000001}.Release|ARM.Deploy.0 = Release|ARM
		{20240129-0000-0000-0000-195504000001}.Release|ARM64.ActiveCfg = Release|ARM64
		{20240129-0000-0000-0000-195504000001}.Release|ARM64.Build.0 = Release|ARM64
		{20240129-0000-0000-0000-195504000001}.Release|ARM64.Deploy.0 = Release|ARM64
		{20240129-0000-0000-0000-195504000001}.Release|x64.ActiveCfg = Release|x64
		{20240129-0000-0000-0000-195504000001}.Release|x64.Build.0 = Release|x64
		{20240129-0000-0000-0000-195504000001}.Release|x64.Deploy.0 = Release|x64
		{20240129-0000-0000-0000-195504000001}.Release|x86.ActiveCfg = Release|x86
		{20240129-0000-0000-0000-195504000001}.Release|x86.Build.0 = Release|x86
		{20240129-0000-0000-0000-195504000001}.Release|x86.Deploy.0 = Release|x86
		{20240204-0000-0000-0000-141419000001}.Debug-remote-gcc|ARM.ActiveCfg = Debug-remote-gcc|ARM
		{20240204-0000-0000-0000-141419000001}.Debug-remote-gcc|ARM.Build.0 = Debug-remote-gcc|ARM
		{20240204-0000-0000-0000-141419000001}.Debug-remote-gcc|ARM.Deploy.0 = Debug-remote-gcc|ARM
		{20240204-0000-0000-0000-141419000001}.Debug-remote-gcc|ARM64.ActiveCfg = Debug-remote-gcc|ARM64
		{20240204-0000-0000-0000-141419000001}.Debug-remote-gcc|ARM64.Build.0 = Debug-remote-gcc|ARM64
		{20240204-0000-0000-0000-141419000001}.Debug-remote-gcc|ARM64.Deploy.0 = Debug-remote-gcc|ARM64
		{20240204-0000-0000-0000-141419000001}.Debug-remote-gcc|x64.ActiveCfg = Debug-remote-gcc|x64
		{20240204-0000-0000-0000-141419000001}.Debug-remote-gcc|x64.Build.0 = Debug-remote-gcc|x64
		{20240204-0000-0000-0000-141419000001}.Debug-remote-gcc|x64.Deploy.0 = Debug-remote-gcc|x64
		{20240204-0000-0000-0000-141419000001}.Debug-remote-gcc|x86.ActiveCfg = Debug-remote-gcc|x86
		{20240204-0000-0000-0000-141419000001}.Debug-remote-gcc|x86.Build.0 = Debug-remote-gcc|x86
		{20240204-0000-0000-0000-141419000001}.Debug-remote-gcc|x86.Deploy.0 = Debug-remote-gcc|x86
		{20240204-0000-0000-0000-141419000001}.Debug-WSL-gcc|ARM.ActiveCfg = Debug-WSL-gcc|ARM
		{20240204-0000-0000-0000-141419000001}.Debug-WSL-gcc|ARM.Build.0 = Debug-WSL-gcc|ARM
		{20240204-0000-0000-0000-141419000001}.Debug-WSL-gcc|ARM.Deploy.0 = Debug-WSL-gcc|ARM
		{20240204-0000-0000-0000-141419000001}.Debug-WSL-gcc|ARM64.ActiveCfg = Debug-WSL-gcc|ARM64
		{20240204-0000-0000-0000-141419000001}.Debug-WSL-gcc|ARM64.Build.0 = Debug-WSL-gcc|ARM64
		{20240204-0000-0000-0000-141419000001}.Debug-WSL-gcc|ARM64.Deploy.0 = Debug-WSL-gcc|ARM64
		{20240204-0000-0000-0000-141419000001}.Debug-WSL-gcc|x64.ActiveCfg = Debug-WSL-gcc|x64
		{20240204-0000-0000-0000-141419000001}.Debug-WSL-gcc|x64.Build.0 = Debug-WSL-gcc|x64
		{20240204-0000-0000-0000-141419000001}.Debug-WSL-gcc|x64.Deploy.0 = Debug-WSL-gcc|x64
		{20240204-0000-0000-0000-141419000001}.Debug-WSL-gcc|x86.ActiveCfg = Debug-WSL-gcc|x86
		{20240204-0000-0000-0000-141419000001}.Debug-WSL-gcc|x86.Build.0 = Debug-WSL-gcc|x86
		{20240204-0000-0000-0000-141419000001}.Debug-WSL-gcc|x86.Deploy.0 = Debug-WSL-gcc|x86
		{20240204-0000-0000-0000-141419000001}.Release|ARM.ActiveCfg = Release|ARM
		{20240204-0000-0000-0000-141419000001}.Release|ARM.Build.0 = Release|ARM
		{20240204-0000-0000-0000-141419000001}.Release|ARM.Deploy.0 = Release|ARM
		{20240204-0000-0000-0000-141419000001}.Release|ARM64.ActiveCfg = Release|ARM64
		{20240204-0000-0000-0000-141419000001}.Release|ARM64.Build.0 = Release|ARM64
		{20240204-0000-0000-0000-141419000001}.Release|ARM64.Deploy.0 = Release|ARM64
		{20240204-0000-0000-0000-141419000001}.Release|x64.ActiveCfg = Release|x64
		{20240204-0000-0000-0000-141419000001}.Release|x64.Build.0 = Release|x64
		{20240204-0000-0000-0000-141419000001}.Release|x64.Deploy.0 = Release|x64
		{20240204-0000-0000-0000-141419000001}.Release|x86.ActiveCfg = Release|x86
		{20240204-0000-0000-0000-141419000001}.Release|x86.Build.0 = Release|x86
		{20240204-0000-0000-0000-141419000001}.Release|x86.Deploy.0 = Release|x86
		{20240204-0000-0000-0000-214836000001}.Debug-remote-gcc|ARM.ActiveCfg = Debug-remote-gcc|ARM
		{20240204-0000-0000-0000-214836000001}.Debug-remote-gcc|ARM.Build.0 = Debug-remote-gcc|ARM
		{20240204-0000-0000-0000-214836000001}.Debug-remote-gcc|ARM.Deploy.0 = Debug-remote-gcc|ARM
		{20240204-0000-0000-0000-214836000001}.Debug-remote-gcc|ARM64.ActiveCfg = Debug-remote-gcc|ARM64
		{20240204-0000-0000-0000-214836000001}.Debug-remote-gcc|ARM64.Build.0 = Debug-remote-gcc|ARM64
		{20240204-0000-0000-0000-214836000001}.Debug-remote-gcc|ARM64.Deploy.0 = Debug-remote-gcc|ARM64
		{20240204-0000-0000-0000-214836000001}.Debug-remote-gcc|x64.ActiveCfg = Debug-remote-gcc|x64
		{20240204-0000-0000-0000-214836000001}.Debug-remote-gcc|x64.Build.0 = Debug-remote-gcc|x64
		{20240204-0000-0000-0000-214836000001}.Debug-remote-gcc|x64.Deploy.0 = Debug-remote-gcc|x64
		{20240204-0000-0000-0000-214836000001}.Debug-remote-gcc|x86.ActiveCfg = Debug-remote-gcc|x86
		{20240204-0000-0000-0000-214836000001}.Debug-remote-gcc|x86.Build.0 = Debug-remote-gcc|x86
		{20240204-0000-0000-0000-214836000001}.Debug-remote-gcc|x86.Deploy.0 = Debug-remote-gcc|x86
		{20240204-0000-0000-0000-214836000001}.Debug-WSL-gcc|ARM.ActiveCfg = Debug-WSL-gcc|ARM
		{20240204-0000-0000-0000-214836000001}.Debug-WSL-gcc|ARM.Build.0 = Debug-WSL-gcc|ARM
		{20240204-0000-0000-0000-214836000001}.Debug-WSL-gcc|ARM.Deploy.0 = Debug-WSL-gcc|ARM
		{20240204-0000-0000-0000-214836000001}.Debug-WSL-gcc|ARM64.ActiveCfg = Debug-WSL-gcc|ARM64
		{20240204-0000-0000-0000-214836000001}.Debug-WSL-gcc|ARM64.Build.0 = Debug-WSL-gcc|ARM64
		{20240204-0000-0000-0000-214836000001}.Debug-WSL-gcc|ARM64.Deploy.0 = Debug-WSL-gcc|ARM64
		{20240204-0000-0000-0000-214836000001}.Debug-WSL-gcc|x64.ActiveCfg = Debug-WSL-gcc|x64
		{20240204-0000-0000-0000-214836000001}.Debug-WSL-gcc|x64.Build.0 = Debug-WSL-gcc|x64
		{20240204-0000-0000-0000-214836000001}.Debug-WSL-gcc|x64.Deploy.0 = Debug-WSL-gcc|x64
		{20240204-0000-0000-0000-214836000001}.Debug-WSL-gcc|x86.ActiveCfg = Debug-WSL-gcc|x86
		{20240204-0000-0000-0000-214836000001}.Debug-WSL-gcc|x86.Build.0 = Debug-WSL-gcc|x86
		{20240204-0000-0000-0000-214836000001}.Debug-WSL-gcc|x86.Deploy.0 = Debug-WSL-gcc|x86
		{20240204-0000-0000-0000-214836000001}.Release|ARM.ActiveCfg = Release|ARM
		{20240204-0000-0000-0000-214836000001}.Release|ARM.Build.0 = Release|ARM
		{20240204-0000-0000-0000-214836000001}.Release|ARM.Deploy.0 = Release|ARM
		{20240204-0000-0000-0000-214836000001}.Release|ARM64.ActiveCfg = Release|ARM64
		{20240204-0000-0000-0000-214836000001}.Release|ARM64.Build.0 = Release|ARM64
		{20240204-0000-0000-0000-214836000001}.Release|ARM64.Deploy.0 = Release|ARM64
		{20240204-0000-0000-0000-214836000001}.Release|x64.ActiveCfg = Release|x64
		{20240204-0000-0000-0000-214836000001}.Release|x64.Build.0 = Release|x64
		{20240204-0000-0000-0000-214836000001}.Release|x64.Deploy.0 = Release|x64
		{20240204-0000-0000-0000-214836000001}.Release|x86.ActiveCfg = Release|x86
		{20240204-0000-0000-0000-214836000001}.Release|x86.Build.0 = Release|x86
		{20240204-0000-0000-0000-214836000001}.Release|x86.Deploy.0 = Release|x86
		{20240205-0000-0000-0000-234522000001}.Debug-remote-gcc|ARM.ActiveCfg = Debug-remote-gcc|ARM
		{20240205-0000-0000-0000-234522000001}.Debug-remote-gcc|ARM.Build.0 = Debug-remote-gcc|ARM
		{20240205-0000-0000-0000-234522000001}.Debug-remote-gcc|ARM.Deploy.0 = Debug-remote-gcc|ARM
		{20240205-0000-0000-0000-234522000001}.Debug-remote-gcc|ARM64.ActiveCfg = Debug-remote-gcc|ARM64
		{20240205-0000-0000-0000-234522000001}.Debug-remote-gcc|ARM64.Build.0 = Debug-remote-gcc|ARM64
		{20240205-0000-0000-0000-234522000001}.Debug-remote-gcc|ARM64.Deploy.0 = Debug-remote-gcc|ARM64
		{20240205-0000-0000-0000-234522000001}.Debug-remote-gcc|x64.ActiveCfg = Debug-remote-gcc|x64
		{20240205-0000-0000-0000-234522000001}.Debug-remote-gcc|x64.Build.0 = Debug-remote-gcc|x64
		{20240205-0000-0000-0000-234522000001}.Debug-remote-gcc|x64.Deploy.0 = Debug-remote-gcc|x64
		{20240205-0000-0000-0000-234522000001}.Debug-remote-gcc|x86.ActiveCfg = Debug-remote-gcc|x86
		{20240205-0000-0000-0000-234522000001}.Debug-remote-gcc|x86.Build.0 = Debug-remote-gcc|x86
		{20240205-0000-0000-0000-234522000001}.Debug-remote-gcc|x86.Deploy.0 = Debug-remote-gcc|x86
		{20240205-0000-0000-0000-234522000001}.Debug-WSL-gcc|ARM.ActiveCfg = Debug-WSL-gcc|ARM
		{20240205-0000-0000-0000-234522000001}.Debug-WSL-gcc|ARM.Build.0 = Debug-WSL-gcc|ARM
		{20240205-0000-0000-0000-234522000001}.Debug-WSL-gcc|ARM.Deploy.0 = Debug-WSL-gcc|ARM
		{20240205-0000-0000-0000-234522000001}.Debug-WSL-gcc|ARM64.ActiveCfg = Debug-WSL-gcc|ARM64
		{20240205-0000-0000-0000-234522000001}.Debug-WSL-gcc|ARM64.Build.0 = Debug-WSL-gcc|ARM64
		{20240205-0000-0000-0000-234522000001}.Debug-WSL-gcc|ARM64.Deploy.0 = Debug-WSL-gcc|ARM64
		{20240205-0000-0000-0000-234522000001}.Debug-WSL-gcc|x64.ActiveCfg = Debug-WSL-gcc|x64
		{20240205-0000-0000-0000-234522000001}.Debug-WSL-gcc|x64.Build.0 = Debug-WSL-gcc|x64
		{20240205-0000-0000-0000-234522000001}.Debug-WSL-gcc|x64.Deploy.0 = Debug-WSL-gcc|x64
		{20240205-0000-0000-0000-234522000001}.Debug-WSL-gcc|x86.ActiveCfg = Debug-WSL-gcc|x86
		{20240205-0000-0000-0000-234522000001}.Debug-WSL-gcc|x86.Build.0 = Debug-WSL-gcc|x86
		{20240205-0000-0000-0000-234522000001}.Debug-WSL-gcc|x86.Deploy.0 = Debug-WSL-gcc|x86
		{20240205-0000-0000-0000-234522000001}.Release|ARM.ActiveCfg = Release|ARM
		{20240205-0000-0000-0000-234522000001}.Release|ARM.Build.0 = Release|ARM
		{20240205-0000-0000-0000-234522000001}.Release|ARM.Deploy.0 = Release|ARM
		{20240205-0000-0000-0000-234522000001}.Release|ARM64.ActiveCfg = Release|ARM64
		{20240205-0000-0000-0000-234522000001}.Release|ARM64.Build.0 = Release|ARM64
		{20240205-0000-0000-0000-234522000001}.Release|ARM64.Deploy.0 = Release|ARM64
		{20240205-0000-0000-0000-234522000001}.Release|x64.ActiveCfg = Release|x64
		{20240205-0000-0000-0000-234522000001}.Release|x64.Build.0 = Release|x64
		{20240205-0000-0000-0000-234522000001}.Release|x64.Deploy.0 = Release|x64
		{20240205-0000-0000-0000-234522000001}.Release|x86.ActiveCfg = Release|x86
		{20240205-0000-0000-0000-234522000001}.Release|x86.Build.0 = Release|x86
		{20240205-0000-0000-0000-234522000001}.Release|x86.Deploy.0 = Release|x86
		{20240205-0000-0000-0000-235134000001}.Debug-remote-gcc|ARM.ActiveCfg = Debug-remote-gcc|ARM
		{20240205-0000-0000-0000-235134000001}.Debug-remote-gcc|ARM.Build.0 = Debug-remote-gcc|ARM
		{20240205-0000-0000-0000-235134000001}.Debug-remote-gcc|ARM.Deploy.0 = Debug-remote-gcc|ARM
		{20240205-0000-0000-0000-235134000001}.Debug-remote-gcc|ARM64.ActiveCfg = Debug-remote-gcc|ARM64
		{20240205-0000-0000-0000-235134000001}.Debug-remote-gcc|ARM64.Build.0 = Debug-remote-gcc|ARM64
		{20240205-0000-0000-0000-235134000001}.Debug-remote-gcc|ARM64.Deploy.0 = Debug-remote-gcc|ARM64
		{20240205-0000-0000-0000-235134000001}.Debug-remote-gcc|x64.ActiveCfg = Debug-remote-gcc|x64
		{20240205-0000-0000-0000-235134000001}.Debug-remote-gcc|x64.Build.0 = Debug-remote-gcc|x64
		{20240205-0000-0000-0000-235134000001}.Debug-remote-gcc|x64.Deploy.0 = Debug-remote-gcc|x64
		{20240205-0000-0000-0000-235134000001}.Debug-remote-gcc|x86.ActiveCfg = Debug-remote-gcc|x86
		{20240205-0000-0000-0000-235134000001}.Debug-remote-gcc|x86.Build.0 = Debug-remote-gcc|x86
		{20240205-0000-0000-0000-235134000001}.Debug-remote-gcc|x86.Deploy.0 = Debug-remote-gcc|x86
		{20240205-0000-0000-0000-235134000001}.Debug-WSL-gcc|ARM.ActiveCfg = Debug-WSL-gcc|ARM
		{20240205-0000-0000-0000-235134000001}.Debug-WSL-gcc|ARM.Build.0 = Debug-WSL-gcc|ARM
		{20240205-0000-0000-0000-235134000001}.Debug-WSL-gcc|ARM.Deploy.0 = Debug-WSL-gcc|ARM
		{20240205-0000-0000-0000-235134000001}.Debug-WSL-gcc|ARM64.ActiveCfg = Debug-WSL-gcc|ARM64
		{20240205-0000-0000-0000-235134000001}.Debug-WSL-gcc|ARM64.Build.0 = Debug-WSL-gcc|ARM64
		{20240205-0000-0000-0000-235134000001}.Debug-WSL-gcc|ARM64.Deploy.0 = Debug-WSL-gcc|ARM64
		{20240205-0000-0000-0000-235134000001}.Debug-WSL-gcc|x64.ActiveCfg = Debug-WSL-gcc|x64
		{20240205-0000-0000-0000-235134000001}.Debug-WSL-gcc|x64.Build.0 = Debug-WSL-gcc|x64
		{20240205-0000-0000-0000-235134000001}.Debug-WSL-gcc|x64.Deploy.0 = Debug-WSL-gcc|x64
		{20240205-0000-0000-0000-235134000001}.Debug-WSL-gcc|x86.ActiveCfg = Debug-WSL-gcc|x86
		{20240205-0000-0000-0000-235134000001}.Debug-WSL-gcc|x86.Build.0 = Debug-WSL-gcc|x86
		{20240205-0000-0000-0000-235134000001}.Debug-WSL-gcc|x86.Deploy.0 = Debug-WSL-gcc|x86
		{20240205-0000-0000-0000-235134000001}.Release|ARM.ActiveCfg = Release|ARM
		{20240205-0000-0000-0000-235134000001}.Release|ARM.Build.0 = Release|ARM
		{20240205-0000-0000-0000-235134000001}.Release|ARM.Deploy.0 = Release|ARM
		{20240205-0000-0000-0000-235134000001}.Release|ARM64.ActiveCfg = Release|ARM64
		{20240205-0000-0000-0000-235134000001}.Release|ARM64.Build.0 = Release|ARM64
		{20240205-0000-0000-0000-235134000001}.Release|ARM64.Deploy.0 = Release|ARM64
		{20240205-0000-0000-0000-235134000001}.Release|x64.ActiveCfg = Release|x64
		{20240205-0000-0000-0000-235134000001}.Release|x64.Build.0 = Release|x64
		{20240205-0000-0000-0000-235134000001}.Release|x64.Deploy.0 = Release|x64
		{20240205-0000-0000-0000-235134000001}.Release|x86.ActiveCfg = Release|x86
		{20240205-0000-0000-0000-235134000001}.Release|x86.Build.0 = Release|x86
		{20240205-0000-0000-0000-235134000001}.Release|x86.Deploy.0 = Release|x86
		{20240206-0000-0000-0000-004252000001}.Debug-remote-gcc|ARM.ActiveCfg = Debug-remote-gcc|ARM
		{20240206-0000-0000-0000-004252000001}.Debug-remote-gcc|ARM.Build.0 = Debug-remote-gcc|ARM
		{20240206-0000-0000-0000-004252000001}.Debug-remote-gcc|ARM.Deploy.0 = Debug-remote-gcc|ARM
		{20240206-0000-0000-0000-004252000001}.Debug-remote-gcc|ARM64.ActiveCfg = Debug-remote-gcc|ARM64
		{20240206-0000-0000-0000-004252000001}.Debug-remote-gcc|ARM64.Build.0 = Debug-remote-gcc|ARM64
		{20240206-0000-0000-0000-004252000001}.Debug-remote-gcc|ARM64.Deploy.0 = Debug-remote-gcc|ARM64
		{20240206-0000-0000-0000-004252000001}.Debug-remote-gcc|x64.ActiveCfg = Debug-remote-gcc|x64
		{20240206-0000-0000-0000-004252000001}.Debug-remote-gcc|x64.Build.0 = Debug-remote-gcc|x64
		{20240206-0000-0000-0000-004252000001}.Debug-remote-gcc|x64.Deploy.0 = Debug-remote-gcc|x64
		{20240206-0000-0000-0000-004252000001}.Debug-remote-gcc|x86.ActiveCfg = Debug-remote-gcc|x86
		{20240206-0000-0000-0000-004252000001}.Debug-remote-gcc|x86.Build.0 = Debug-remote-gcc|x86
		{20240206-0000-0000-0000-004252000001}.Debug-remote-gcc|x86.Deploy.0 = Debug-remote-gcc|x86
		{20240206-0000-0000-0000-004252000001}.Debug-WSL-gcc|ARM.ActiveCfg = Debug-WSL-gcc|ARM
		{20240206-0000-0000-0000-004252000001}.Debug-WSL-gcc|ARM.Build.0 = Debug-WSL-gcc|ARM
		{20240206-0000-0000-0000-004252000001}.Debug-WSL-gcc|ARM.Deploy.0 = Debug-WSL-gcc|ARM
		{20240206-0000-0000-0000-004252000001}.Debug-WSL-gcc|ARM64.ActiveCfg = Debug-WSL-gcc|ARM64
		{20240206-0000-0000-0000-004252000001}.Debug-WSL-gcc|ARM64.Build.0 = Debug-WSL-gcc|ARM64
		{20240206-0000-0000-0000-004252000001}.Debug-WSL-gcc|ARM64.Deploy.0 = Debug-WSL-gcc|ARM64
		{20240206-0000-0000-0000-004252000001}.Debug-WSL-gcc|x64.ActiveCfg = Debug-WSL-gcc|x64
		{20240206-0000-0000-0000-004252000001}.Debug-WSL-gcc|x64.Build.0 = Debug-WSL-gcc|x64
		{20240206-0000-0000-0000-004252000001}.Debug-WSL-gcc|x64.Deploy.0 = Debug-WSL-gcc|x64
		{20240206-0000-0000-0000-004252000001}.Debug-WSL-gcc|x86.ActiveCfg = Debug-WSL-gcc|x86
		{20240206-0000-0000-0000-004252000001}.Debug-WSL-gcc|x86.Build.0 = Debug-WSL-gcc|x86
		{20240206-0000-0000-0000-004252000001}.Debug-WSL-gcc|x86.Deploy.0 = Debug-WSL-gcc|x86
		{20240206-0000-0000-0000-004252000001}.Release|ARM.ActiveCfg = Release|ARM
		{20240206-0000-0000-0000-004252000001}.Release|ARM.Build.0 = Release|ARM
		{20240206-0000-0000-0000-004252000001}.Release|ARM.Deploy.0 = Release|ARM
		{20240206-0000-0000-0000-004252000001}.Release|ARM64.ActiveCfg = Release|ARM64
		{20240206-0000-0000-0000-004252000001}.Release|ARM64.Build.0 = Release|ARM64
		{20240206-0000-0000-0000-004252000001}.Release|ARM64.Deploy.0 = Release|ARM64
		{20240206-0000-0000-0000-004252000001}.Release|x64.ActiveCfg = Release|x64
		{20240206-0000-0000-0000-004252000001}.Release|x64.Build.0 = Release|x64
		{20240206-0000-0000-0000-004252000001}.Release|x64.Deploy.0 = Release|x64
		{20240206-0000-0000-0000-004252000001}.Release|x86.ActiveCfg = Release|x86
		{20240206-0000-0000-0000-004252000001}.Release|x86.Build.0 = Release|x86
		{20240206-0000-0000-0000-004252000001}.Release|x86.Deploy.0 = Release|x86
		{20240206-0000-0000-0000-092453000001}.Debug-remote-gcc|ARM.ActiveCfg = Debug-remote-gcc|ARM
		{20240206-0000-0000-0000-092453000001}.Debug-remote-gcc|ARM.Build.0 = Debug-remote-gcc|ARM
		{20240206-0000-0000-0000-092453000001}.Debug-remote-gcc|ARM.Deploy.0 = Debug-remote-gcc|ARM
		{20240206-0000-0000-0000-092453000001}.Debug-remote-gcc|ARM64.ActiveCfg = Debug-remote-gcc|ARM64
		{20240206-0000-0000-0000-092453000001}.Debug-remote-gcc|ARM64.Build.0 = Debug-remote-gcc|ARM64
		{20240206-0000-0000-0000-092453000001}.Debug-remote-gcc|ARM64.Deploy.0 = Debug-remote-gcc|ARM64
		{20240206-0000-0000-0000-092453000001}.Debug-remote-gcc|x64.ActiveCfg = Debug-remote-gcc|x64
		{20240206-0000-0000-0000-092453000001}.Debug-remote-gcc|x64.Build.0 = Debug-remote-gcc|x64
		{20240206-0000-0000-0000-092453000001}.Debug-remote-gcc|x64.Deploy.0 = Debug-remote-gcc|x64
		{20240206-0000-0000-0000-092453000001}.Debug-remote-gcc|x86.ActiveCfg = Debug-remote-gcc|x86
		{20240206-0000-0000-0000-092453000001}.Debug-remote-gcc|x86.Build.0 = Debug-remote-gcc|x86
		{20240206-0000-0000-0000-092453000001}.Debug-remote-gcc|x86.Deploy.0 = Debug-remote-gcc|x86
		{20240206-0000-0000-0000-092453000001}.Debug-WSL-gcc|ARM.ActiveCfg = Debug-WSL-gcc|ARM
		{20240206-0000-0000-0000-092453000001}.Debug-WSL-gcc|ARM.Build.0 = Debug-WSL-gcc|ARM
		{20240206-0000-0000-0000-092453000001}.Debug-WSL-gcc|ARM.Deploy.0 = Debug-WSL-gcc|ARM
		{20240206-0000-0000-0000-092453000001}.Debug-WSL-gcc|ARM64.ActiveCfg = Debug-WSL-gcc|ARM64
		{20240206-0000-0000-0000-092453000001}.Debug-WSL-gcc|ARM64.Build.0 = Debug-WSL-gcc|ARM64
		{20240206-0000-0000-0000-092453000001}.Debug-WSL-gcc|ARM64.Deploy.0 = Debug-WSL-gcc|ARM64
		{20240206-0000-0000-0000-092453000001}.Debug-WSL-gcc|x64.ActiveCfg = Debug-WSL-gcc|x64
		{20240206-0000-0000-0000-092453000001}.Debug-WSL-gcc|x64.Build.0 = Debug-WSL-gcc|x64
		{20240206-0000-0000-0000-092453000001}.Debug-WSL-gcc|x64.Deploy.0 = Debug-WSL-gcc|x64
		{20240206-0000-0000-0000-092453000001}.Debug-WSL-gcc|x86.ActiveCfg = Debug-WSL-gcc|x86
		{20240206-0000-0000-0000-092453000001}.Debug-WSL-gcc|x86.Build.0 = Debug-WSL-gcc|x86
		{20240206-0000-0000-0000-092453000001}.Debug-WSL-gcc|x86.Deploy.0 = Debug-WSL-gcc|x86
		{20240206-0000-0000-0000-092453000001}.Release|ARM.ActiveCfg = Release|ARM
		{20240206-0000-0000-0000-092453000001}.Release|ARM.Build.0 = Release|ARM
		{20240206-0000-0000-0000-092453000001}.Release|ARM.Deploy.0 = Release|ARM
		{20240206-0000-0000-0000-092453000001}.Release|ARM64.ActiveCfg = Release|ARM64
		{20240206-0000-0000-0000-092453000001}.Release|ARM64.Build.0 = Release|ARM64
		{20240206-0000-0000-0000-092453000001}.Release|ARM64.Deploy.0 = Release|ARM64
		{20240206-0000-0000-0000-092453000001}.Release|x64.ActiveCfg = Release|x64
		{20240206-0000-0000-0000-092453000001}.Release|x64.Build.0 = Release|x64
		{20240206-0000-0000-0000-092453000001}.Release|x64.Deploy.0 = Release|x64
		{20240206-0000-0000-0000-092453000001}.Release|x86.ActiveCfg = Release|x86
		{20240206-0000-0000-0000-092453000001}.Release|x86.Build.0 = Release|x86
		{20240206-0000-0000-0000-092453000001}.Release|x86.Deploy.0 = Release|x86
		{20240206-0000-0000-0000-100312000001}.Debug-remote-gcc|ARM.ActiveCfg = Debug-remote-gcc|ARM
		{20240206-0000-0000-0000-100312000001}.Debug-remote-gcc|ARM.Build.0 = Debug-remote-gcc|ARM
		{20240206-0000-0000-0000-100312000001}.Debug-remote-gcc|ARM.Deploy.0 = Debug-remote-gcc|ARM
		{20240206-0000-0000-0000-100312000001}.Debug-remote-gcc|ARM64.ActiveCfg = Debug-remote-gcc|ARM64
		{20240206-0000-0000-0000-100312000001}.Debug-remote-gcc|ARM64.Build.0 = Debug-remote-gcc|ARM64
		{20240206-0000-0000-0000-100312000001}.Debug-remote-gcc|ARM64.Deploy.0 = Debug-remote-gcc|ARM64
		{20240206-0000-0000-0000-100312000001}.Debug-remote-gcc|x64.ActiveCfg = Debug-remote-gcc|x64
		{20240206-0000-0000-0000-100312000001}.Debug-remote-gcc|x64.Build.0 = Debug-remote-gcc|x64
		{20240206-0000-0000-0000-100312000001}.Debug-remote-gcc|x64.Deploy.0 = Debug-remote-gcc|x64
		{20240206-0000-0000-0000-100312000001}.Debug-remote-gcc|x86.ActiveCfg = Debug-remote-gcc|x86
		{20240206-0000-0000-0000-100312000001}.Debug-remote-gcc|x86.Build.0 = Debug-remote-gcc|x86
		{20240206-0000-0000-0000-100312000001}.Debug-remote-gcc|x86.Deploy.0 = Debug-remote-gcc|x86
		{20240206-0000-0000-0000-100312000001}.Debug-WSL-gcc|ARM.ActiveCfg = Debug-WSL-gcc|ARM
		{20240206-0000-0000-0000-100312000001}.Debug-WSL-gcc|ARM.Build.0 = Debug-WSL-gcc|ARM
		{20240206-0000-0000-0000-100312000001}.Debug-WSL-gcc|ARM.Deploy.0 = Debug-WSL-gcc|ARM
		{20240206-0000-0000-0000-100312000001}.Debug-WSL-gcc|ARM64.ActiveCfg = Debug-WSL-gcc|ARM64
		{20240206-0000-0000-0000-100312000001}.Debug-WSL-gcc|ARM64.Build.0 = Debug-WSL-gcc|ARM64
		{20240206-0000-0000-0000-100312000001}.Debug-WSL-gcc|ARM64.Deploy.0 = Debug-WSL-gcc|ARM64
		{20240206-0000-0000-0000-100312000001}.Debug-WSL-gcc|x64.ActiveCfg = Debug-WSL-gcc|x64
		{20240206-0000-0000-0000-100312000001}.Debug-WSL-gcc|x64.Build.0 = Debug-WSL-gcc|x64
		{20240206-0000-0000-0000-100312000001}.Debug-WSL-gcc|x64.Deploy.0 = Debug-WSL-gcc|x64
		{20240206-0000-0000-0000-100312000001}.Debug-WSL-gcc|x86.ActiveCfg = Debug-WSL-gcc|x86
		{20240206-0000-0000-0000-100312000001}.Debug-WSL-gcc|x86.Build.0 = Debug-WSL-gcc|x86
		{20240206-0000-0000-0000-100312000001}.Debug-WSL-gcc|x86.Deploy.0 = Debug-WSL-gcc|x86
		{20240206-0000-0000-0000-100312000001}.Release|ARM.ActiveCfg = Release|ARM
		{20240206-0000-0000-0000-100312000001}.Release|ARM.Build.0 = Release|ARM
		{20240206-0000-0000-0000-100312000001}.Release|ARM.Deploy.0 = Release|ARM
		{20240206-0000-0000-0000-100312000001}.Release|ARM64.ActiveCfg = Release|ARM64
		{20240206-0000-0000-0000-100312000001}.Release|ARM64.Build.0 = Release|ARM64
		{20240206-0000-0000-0000-100312000001}.Release|ARM64.Deploy.0 = Release|ARM64
		{20240206-0000-0000-0000-100312000001}.Release|x64.ActiveCfg = Release|x64
		{20240206-0000-0000-0000-100312000001}.Release|x64.Build.0 = Release|x64
		{20240206-0000-0000-0000-100312000001}.Release|x64.Deploy.0 = Release|x64
		{20240206-0000-0000-0000-100312000001}.Release|x86.ActiveCfg = Release|x86
		{20240206-0000-0000-0000-100312000001}.Release|x86.Build.0 = Release|x86
		{20240206-0000-0000-0000-100312000001}.Release|x86.Deploy.0 = Release|x86
	EndGlobalSection
	GlobalSection(SolutionProperties) = preSolution
		HideSolutionNode = FALSE
	EndGlobalSection
	GlobalSection(ExtensibilityGlobals) = postSolution
		SolutionGuid = {503CFAD3-017C-4D31-8968-42993FDFD2ED}
	EndGlobalSection
EndGlobal
