
Microsoft Visual Studio Solution File, Format Version 12.00
# Visual Studio Version 16
VisualStudioVersion = 16.0.32002.261
MinimumVisualStudioVersion = 10.0.40219.1
Project("{8BC9CEB8-8B4A-11D0-8D11-00A0C91BC942}") = "24-1.t_fork", "..\ch24-procexec\t_fork.vcxproj", "{20240107-0000-0000-0000-230230000001}"
EndProject
Project("{8BC9CEB8-8B4A-11D0-8D11-00A0C91BC942}") = "00_libtlpi", "..\lib\00_libtlpi.vcxproj", "{20231214-0000-0000-0000-211843000001}"
EndProject
Project("{8BC9CEB8-8B4A-11D0-8D11-00A0C91BC942}") = "24-2.fork_file_sharing", "..\ch24-procexec\fork_file_sharing.vcxproj", "{20240107-0000-0000-0000-231908000001}"
EndProject
Project("{8BC9CEB8-8B4A-11D0-8D11-00A0C91BC942}") = "24-4.t_vfork", "..\ch24-procexec\t_vfork.vcxproj", "{20240108-0000-0000-0000-002236000001}"
EndProject
Project("{8BC9CEB8-8B4A-11D0-8D11-00A0C91BC942}") = "24-5.fork_whos_on_first", "..\ch24-procexec\fork_whos_on_first.vcxproj", "{20240108-0000-0000-0000-010532000001}"
EndProject
Project("{8BC9CEB8-8B4A-11D0-8D11-00A0C91BC942}") = "24-6.fork_sig_sync", "..\ch24-procexec\fork_sig_sync.vcxproj", "{20240108-0000-0000-0000-013236000001}"
EndProject
Project("{8BC9CEB8-8B4A-11D0-8D11-00A0C91BC942}") = "25-1.exit_handlers", "..\ch24-procexec\exit_handlers.vcxproj", "{20240108-0000-0000-0000-104714000001}"
EndProject
Project("{8BC9CEB8-8B4A-11D0-8D11-00A0C91BC942}") = "25-2.fork_stdio_buf", "..\ch24-procexec\fork_stdio_buf.vcxproj", "{20240108-0000-0000-0000-105320000001}"
EndProject
Project("{8BC9CEB8-8B4A-11D0-8D11-00A0C91BC942}") = "25-2a.fork_stdio_nobuf", "..\ch24-procexec\fork_stdio_nobuf.vcxproj", "{E0B4CF6F-720F-48C4-A504-842EADD932CC}"
EndProject
Global
	GlobalSection(SolutionConfigurationPlatforms) = preSolution
		Debug-remote-gcc|ARM = Debug-remote-gcc|ARM
		Debug-remote-gcc|ARM64 = Debug-remote-gcc|ARM64
		Debug-remote-gcc|x64 = Debug-remote-gcc|x64
		Debug-remote-gcc|x86 = Debug-remote-gcc|x86
		Debug-WSL-gcc|ARM = Debug-WSL-gcc|ARM
		Debug-WSL-gcc|ARM64 = Debug-WSL-gcc|ARM64
		Debug-WSL-gcc|x64 = Debug-WSL-gcc|x64
		Debug-WSL-gcc|x86 = Debug-WSL-gcc|x86
		Release|ARM = Release|ARM
		Release|ARM64 = Release|ARM64
		Release|x64 = Release|x64
		Release|x86 = Release|x86
	EndGlobalSection
	GlobalSection(ProjectConfigurationPlatforms) = postSolution
		{20240107-0000-0000-0000-230230000001}.Debug-remote-gcc|ARM.ActiveCfg = Debug-remote-gcc|ARM
		{20240107-0000-0000-0000-230230000001}.Debug-remote-gcc|ARM.Build.0 = Debug-remote-gcc|ARM
		{20240107-0000-0000-0000-230230000001}.Debug-remote-gcc|ARM.Deploy.0 = Debug-remote-gcc|ARM
		{20240107-0000-0000-0000-230230000001}.Debug-remote-gcc|ARM64.ActiveCfg = Debug-remote-gcc|ARM64
		{20240107-0000-0000-0000-230230000001}.Debug-remote-gcc|ARM64.Build.0 = Debug-remote-gcc|ARM64
		{20240107-0000-0000-0000-230230000001}.Debug-remote-gcc|ARM64.Deploy.0 = Debug-remote-gcc|ARM64
		{20240107-0000-0000-0000-230230000001}.Debug-remote-gcc|x64.ActiveCfg = Debug-remote-gcc|x64
		{20240107-0000-0000-0000-230230000001}.Debug-remote-gcc|x64.Build.0 = Debug-remote-gcc|x64
		{20240107-0000-0000-0000-230230000001}.Debug-remote-gcc|x64.Deploy.0 = Debug-remote-gcc|x64
		{20240107-0000-0000-0000-230230000001}.Debug-remote-gcc|x86.ActiveCfg = Debug-remote-gcc|x86
		{20240107-0000-0000-0000-230230000001}.Debug-remote-gcc|x86.Build.0 = Debug-remote-gcc|x86
		{20240107-0000-0000-0000-230230000001}.Debug-remote-gcc|x86.Deploy.0 = Debug-remote-gcc|x86
		{20240107-0000-0000-0000-230230000001}.Debug-WSL-gcc|ARM.ActiveCfg = Debug-WSL-gcc|ARM
		{20240107-0000-0000-0000-230230000001}.Debug-WSL-gcc|ARM.Build.0 = Debug-WSL-gcc|ARM
		{20240107-0000-0000-0000-230230000001}.Debug-WSL-gcc|ARM.Deploy.0 = Debug-WSL-gcc|ARM
		{20240107-0000-0000-0000-230230000001}.Debug-WSL-gcc|ARM64.ActiveCfg = Debug-WSL-gcc|ARM64
		{20240107-0000-0000-0000-230230000001}.Debug-WSL-gcc|ARM64.Build.0 = Debug-WSL-gcc|ARM64
		{20240107-0000-0000-0000-230230000001}.Debug-WSL-gcc|ARM64.Deploy.0 = Debug-WSL-gcc|ARM64
		{20240107-0000-0000-0000-230230000001}.Debug-WSL-gcc|x64.ActiveCfg = Debug-WSL-gcc|x64
		{20240107-0000-0000-0000-230230000001}.Debug-WSL-gcc|x64.Build.0 = Debug-WSL-gcc|x64
		{20240107-0000-0000-0000-230230000001}.Debug-WSL-gcc|x64.Deploy.0 = Debug-WSL-gcc|x64
		{20240107-0000-0000-0000-230230000001}.Debug-WSL-gcc|x86.ActiveCfg = Debug-WSL-gcc|x86
		{20240107-0000-0000-0000-230230000001}.Debug-WSL-gcc|x86.Build.0 = Debug-WSL-gcc|x86
		{20240107-0000-0000-0000-230230000001}.Debug-WSL-gcc|x86.Deploy.0 = Debug-WSL-gcc|x86
		{20240107-0000-0000-0000-230230000001}.Release|ARM.ActiveCfg = Release|ARM
		{20240107-0000-0000-0000-230230000001}.Release|ARM.Build.0 = Release|ARM
		{20240107-0000-0000-0000-230230000001}.Release|ARM.Deploy.0 = Release|ARM
		{20240107-0000-0000-0000-230230000001}.Release|ARM64.ActiveCfg = Release|ARM64
		{20240107-0000-0000-0000-230230000001}.Release|ARM64.Build.0 = Release|ARM64
		{20240107-0000-0000-0000-230230000001}.Release|ARM64.Deploy.0 = Release|ARM64
		{20240107-0000-0000-0000-230230000001}.Release|x64.ActiveCfg = Release|x64
		{20240107-0000-0000-0000-230230000001}.Release|x64.Build.0 = Release|x64
		{20240107-0000-0000-0000-230230000001}.Release|x64.Deploy.0 = Release|x64
		{20240107-0000-0000-0000-230230000001}.Release|x86.ActiveCfg = Release|x86
		{20240107-0000-0000-0000-230230000001}.Release|x86.Build.0 = Release|x86
		{20240107-0000-0000-0000-230230000001}.Release|x86.Deploy.0 = Release|x86
		{20231214-0000-0000-0000-211843000001}.Debug-remote-gcc|ARM.ActiveCfg = Debug-remote-gcc|ARM
		{20231214-0000-0000-0000-211843000001}.Debug-remote-gcc|ARM.Build.0 = Debug-remote-gcc|ARM
		{20231214-0000-0000-0000-211843000001}.Debug-remote-gcc|ARM.Deploy.0 = Debug-remote-gcc|ARM
		{20231214-0000-0000-0000-211843000001}.Debug-remote-gcc|ARM64.ActiveCfg = Debug-remote-gcc|ARM64
		{20231214-0000-0000-0000-211843000001}.Debug-remote-gcc|ARM64.Build.0 = Debug-remote-gcc|ARM64
		{20231214-0000-0000-0000-211843000001}.Debug-remote-gcc|ARM64.Deploy.0 = Debug-remote-gcc|ARM64
		{20231214-0000-0000-0000-211843000001}.Debug-remote-gcc|x64.ActiveCfg = Debug-remote-gcc|x64
		{20231214-0000-0000-0000-211843000001}.Debug-remote-gcc|x64.Build.0 = Debug-remote-gcc|x64
		{20231214-0000-0000-0000-211843000001}.Debug-remote-gcc|x64.Deploy.0 = Debug-remote-gcc|x64
		{20231214-0000-0000-0000-211843000001}.Debug-remote-gcc|x86.ActiveCfg = Debug-remote-gcc|x86
		{20231214-0000-0000-0000-211843000001}.Debug-remote-gcc|x86.Build.0 = Debug-remote-gcc|x86
		{20231214-0000-0000-0000-211843000001}.Debug-remote-gcc|x86.Deploy.0 = Debug-remote-gcc|x86
		{20231214-0000-0000-0000-211843000001}.Debug-WSL-gcc|ARM.ActiveCfg = Debug-WSL-gcc|ARM
		{20231214-0000-0000-0000-211843000001}.Debug-WSL-gcc|ARM.Build.0 = Debug-WSL-gcc|ARM
		{20231214-0000-0000-0000-211843000001}.Debug-WSL-gcc|ARM.Deploy.0 = Debug-WSL-gcc|ARM
		{20231214-0000-0000-0000-211843000001}.Debug-WSL-gcc|ARM64.ActiveCfg = Debug-WSL-gcc|ARM64
		{20231214-0000-0000-0000-211843000001}.Debug-WSL-gcc|ARM64.Build.0 = Debug-WSL-gcc|ARM64
		{20231214-0000-0000-0000-211843000001}.Debug-WSL-gcc|ARM64.Deploy.0 = Debug-WSL-gcc|ARM64
		{20231214-0000-0000-0000-211843000001}.Debug-WSL-gcc|x64.ActiveCfg = Debug-WSL-gcc|x64
		{20231214-0000-0000-0000-211843000001}.Debug-WSL-gcc|x64.Build.0 = Debug-WSL-gcc|x64
		{20231214-0000-0000-0000-211843000001}.Debug-WSL-gcc|x64.Deploy.0 = Debug-WSL-gcc|x64
		{20231214-0000-0000-0000-211843000001}.Debug-WSL-gcc|x86.ActiveCfg = Debug-WSL-gcc|x86
		{20231214-0000-0000-0000-211843000001}.Debug-WSL-gcc|x86.Build.0 = Debug-WSL-gcc|x86
		{20231214-0000-0000-0000-211843000001}.Debug-WSL-gcc|x86.Deploy.0 = Debug-WSL-gcc|x86
		{20231214-0000-0000-0000-211843000001}.Release|ARM.ActiveCfg = Release|ARM
		{20231214-0000-0000-0000-211843000001}.Release|ARM.Build.0 = Release|ARM
		{20231214-0000-0000-0000-211843000001}.Release|ARM.Deploy.0 = Release|ARM
		{20231214-0000-0000-0000-211843000001}.Release|ARM64.ActiveCfg = Release|ARM64
		{20231214-0000-0000-0000-211843000001}.Release|ARM64.Build.0 = Release|ARM64
		{20231214-0000-0000-0000-211843000001}.Release|ARM64.Deploy.0 = Release|ARM64
		{20231214-0000-0000-0000-211843000001}.Release|x64.ActiveCfg = Release|x64
		{20231214-0000-0000-0000-211843000001}.Release|x64.Build.0 = Release|x64
		{20231214-0000-0000-0000-211843000001}.Release|x64.Deploy.0 = Release|x64
		{20231214-0000-0000-0000-211843000001}.Release|x86.ActiveCfg = Release|x86
		{20231214-0000-0000-0000-211843000001}.Release|x86.Build.0 = Release|x86
		{20231214-0000-0000-0000-211843000001}.Release|x86.Deploy.0 = Release|x86
		{20240107-0000-0000-0000-231908000001}.Debug-remote-gcc|ARM.ActiveCfg = Debug-remote-gcc|ARM
		{20240107-0000-0000-0000-231908000001}.Debug-remote-gcc|ARM.Build.0 = Debug-remote-gcc|ARM
		{20240107-0000-0000-0000-231908000001}.Debug-remote-gcc|ARM.Deploy.0 = Debug-remote-gcc|ARM
		{20240107-0000-0000-0000-231908000001}.Debug-remote-gcc|ARM64.ActiveCfg = Debug-remote-gcc|ARM64
		{20240107-0000-0000-0000-231908000001}.Debug-remote-gcc|ARM64.Build.0 = Debug-remote-gcc|ARM64
		{20240107-0000-0000-0000-231908000001}.Debug-remote-gcc|ARM64.Deploy.0 = Debug-remote-gcc|ARM64
		{20240107-0000-0000-0000-231908000001}.Debug-remote-gcc|x64.ActiveCfg = Debug-remote-gcc|x64
		{20240107-0000-0000-0000-231908000001}.Debug-remote-gcc|x64.Build.0 = Debug-remote-gcc|x64
		{20240107-0000-0000-0000-231908000001}.Debug-remote-gcc|x64.Deploy.0 = Debug-remote-gcc|x64
		{20240107-0000-0000-0000-231908000001}.Debug-remote-gcc|x86.ActiveCfg = Debug-remote-gcc|x86
		{20240107-0000-0000-0000-231908000001}.Debug-remote-gcc|x86.Build.0 = Debug-remote-gcc|x86
		{20240107-0000-0000-0000-231908000001}.Debug-remote-gcc|x86.Deploy.0 = Debug-remote-gcc|x86
		{20240107-0000-0000-0000-231908000001}.Debug-WSL-gcc|ARM.ActiveCfg = Debug-WSL-gcc|ARM
		{20240107-0000-0000-0000-231908000001}.Debug-WSL-gcc|ARM.Build.0 = Debug-WSL-gcc|ARM
		{20240107-0000-0000-0000-231908000001}.Debug-WSL-gcc|ARM.Deploy.0 = Debug-WSL-gcc|ARM
		{20240107-0000-0000-0000-231908000001}.Debug-WSL-gcc|ARM64.ActiveCfg = Debug-WSL-gcc|ARM64
		{20240107-0000-0000-0000-231908000001}.Debug-WSL-gcc|ARM64.Build.0 = Debug-WSL-gcc|ARM64
		{20240107-0000-0000-0000-231908000001}.Debug-WSL-gcc|ARM64.Deploy.0 = Debug-WSL-gcc|ARM64
		{20240107-0000-0000-0000-231908000001}.Debug-WSL-gcc|x64.ActiveCfg = Debug-WSL-gcc|x64
		{20240107-0000-0000-0000-231908000001}.Debug-WSL-gcc|x64.Build.0 = Debug-WSL-gcc|x64
		{20240107-0000-0000-0000-231908000001}.Debug-WSL-gcc|x64.Deploy.0 = Debug-WSL-gcc|x64
		{20240107-0000-0000-0000-231908000001}.Debug-WSL-gcc|x86.ActiveCfg = Debug-WSL-gcc|x86
		{20240107-0000-0000-0000-231908000001}.Debug-WSL-gcc|x86.Build.0 = Debug-WSL-gcc|x86
		{20240107-0000-0000-0000-231908000001}.Debug-WSL-gcc|x86.Deploy.0 = Debug-WSL-gcc|x86
		{20240107-0000-0000-0000-231908000001}.Release|ARM.ActiveCfg = Release|ARM
		{20240107-0000-0000-0000-231908000001}.Release|ARM.Build.0 = Release|ARM
		{20240107-0000-0000-0000-231908000001}.Release|ARM.Deploy.0 = Release|ARM
		{20240107-0000-0000-0000-231908000001}.Release|ARM64.ActiveCfg = Release|ARM64
		{20240107-0000-0000-0000-231908000001}.Release|ARM64.Build.0 = Release|ARM64
		{20240107-0000-0000-0000-231908000001}.Release|ARM64.Deploy.0 = Release|ARM64
		{20240107-0000-0000-0000-231908000001}.Release|x64.ActiveCfg = Release|x64
		{20240107-0000-0000-0000-231908000001}.Release|x64.Build.0 = Release|x64
		{20240107-0000-0000-0000-231908000001}.Release|x64.Deploy.0 = Release|x64
		{20240107-0000-0000-0000-231908000001}.Release|x86.ActiveCfg = Release|x86
		{20240107-0000-0000-0000-231908000001}.Release|x86.Build.0 = Release|x86
		{20240107-0000-0000-0000-231908000001}.Release|x86.Deploy.0 = Release|x86
		{20240108-0000-0000-0000-002236000001}.Debug-remote-gcc|ARM.ActiveCfg = Debug-remote-gcc|ARM
		{20240108-0000-0000-0000-002236000001}.Debug-remote-gcc|ARM.Build.0 = Debug-remote-gcc|ARM
		{20240108-0000-0000-0000-002236000001}.Debug-remote-gcc|ARM.Deploy.0 = Debug-remote-gcc|ARM
		{20240108-0000-0000-0000-002236000001}.Debug-remote-gcc|ARM64.ActiveCfg = Debug-remote-gcc|ARM64
		{20240108-0000-0000-0000-002236000001}.Debug-remote-gcc|ARM64.Build.0 = Debug-remote-gcc|ARM64
		{20240108-0000-0000-0000-002236000001}.Debug-remote-gcc|ARM64.Deploy.0 = Debug-remote-gcc|ARM64
		{20240108-0000-0000-0000-002236000001}.Debug-remote-gcc|x64.ActiveCfg = Debug-remote-gcc|x64
		{20240108-0000-0000-0000-002236000001}.Debug-remote-gcc|x64.Build.0 = Debug-remote-gcc|x64
		{20240108-0000-0000-0000-002236000001}.Debug-remote-gcc|x64.Deploy.0 = Debug-remote-gcc|x64
		{20240108-0000-0000-0000-002236000001}.Debug-remote-gcc|x86.ActiveCfg = Debug-remote-gcc|x86
		{20240108-0000-0000-0000-002236000001}.Debug-remote-gcc|x86.Build.0 = Debug-remote-gcc|x86
		{20240108-0000-0000-0000-002236000001}.Debug-remote-gcc|x86.Deploy.0 = Debug-remote-gcc|x86
		{20240108-0000-0000-0000-002236000001}.Debug-WSL-gcc|ARM.ActiveCfg = Debug-WSL-gcc|ARM
		{20240108-0000-0000-0000-002236000001}.Debug-WSL-gcc|ARM.Build.0 = Debug-WSL-gcc|ARM
		{20240108-0000-0000-0000-002236000001}.Debug-WSL-gcc|ARM.Deploy.0 = Debug-WSL-gcc|ARM
		{20240108-0000-0000-0000-002236000001}.Debug-WSL-gcc|ARM64.ActiveCfg = Debug-WSL-gcc|ARM64
		{20240108-0000-0000-0000-002236000001}.Debug-WSL-gcc|ARM64.Build.0 = Debug-WSL-gcc|ARM64
		{20240108-0000-0000-0000-002236000001}.Debug-WSL-gcc|ARM64.Deploy.0 = Debug-WSL-gcc|ARM64
		{20240108-0000-0000-0000-002236000001}.Debug-WSL-gcc|x64.ActiveCfg = Debug-WSL-gcc|x64
		{20240108-0000-0000-0000-002236000001}.Debug-WSL-gcc|x64.Build.0 = Debug-WSL-gcc|x64
		{20240108-0000-0000-0000-002236000001}.Debug-WSL-gcc|x64.Deploy.0 = Debug-WSL-gcc|x64
		{20240108-0000-0000-0000-002236000001}.Debug-WSL-gcc|x86.ActiveCfg = Debug-WSL-gcc|x86
		{20240108-0000-0000-0000-002236000001}.Debug-WSL-gcc|x86.Build.0 = Debug-WSL-gcc|x86
		{20240108-0000-0000-0000-002236000001}.Debug-WSL-gcc|x86.Deploy.0 = Debug-WSL-gcc|x86
		{20240108-0000-0000-0000-002236000001}.Release|ARM.ActiveCfg = Release|ARM
		{20240108-0000-0000-0000-002236000001}.Release|ARM.Build.0 = Release|ARM
		{20240108-0000-0000-0000-002236000001}.Release|ARM.Deploy.0 = Release|ARM
		{20240108-0000-0000-0000-002236000001}.Release|ARM64.ActiveCfg = Release|ARM64
		{20240108-0000-0000-0000-002236000001}.Release|ARM64.Build.0 = Release|ARM64
		{20240108-0000-0000-0000-002236000001}.Release|ARM64.Deploy.0 = Release|ARM64
		{20240108-0000-0000-0000-002236000001}.Release|x64.ActiveCfg = Release|x64
		{20240108-0000-0000-0000-002236000001}.Release|x64.Build.0 = Release|x64
		{20240108-0000-0000-0000-002236000001}.Release|x64.Deploy.0 = Release|x64
		{20240108-0000-0000-0000-002236000001}.Release|x86.ActiveCfg = Release|x86
		{20240108-0000-0000-0000-002236000001}.Release|x86.Build.0 = Release|x86
		{20240108-0000-0000-0000-002236000001}.Release|x86.Deploy.0 = Release|x86
		{20240108-0000-0000-0000-010532000001}.Debug-remote-gcc|ARM.ActiveCfg = Debug-remote-gcc|ARM
		{20240108-0000-0000-0000-010532000001}.Debug-remote-gcc|ARM.Build.0 = Debug-remote-gcc|ARM
		{20240108-0000-0000-0000-010532000001}.Debug-remote-gcc|ARM.Deploy.0 = Debug-remote-gcc|ARM
		{20240108-0000-0000-0000-010532000001}.Debug-remote-gcc|ARM64.ActiveCfg = Debug-remote-gcc|ARM64
		{20240108-0000-0000-0000-010532000001}.Debug-remote-gcc|ARM64.Build.0 = Debug-remote-gcc|ARM64
		{20240108-0000-0000-0000-010532000001}.Debug-remote-gcc|ARM64.Deploy.0 = Debug-remote-gcc|ARM64
		{20240108-0000-0000-0000-010532000001}.Debug-remote-gcc|x64.ActiveCfg = Debug-remote-gcc|x64
		{20240108-0000-0000-0000-010532000001}.Debug-remote-gcc|x64.Build.0 = Debug-remote-gcc|x64
		{20240108-0000-0000-0000-010532000001}.Debug-remote-gcc|x64.Deploy.0 = Debug-remote-gcc|x64
		{20240108-0000-0000-0000-010532000001}.Debug-remote-gcc|x86.ActiveCfg = Debug-remote-gcc|x86
		{20240108-0000-0000-0000-010532000001}.Debug-remote-gcc|x86.Build.0 = Debug-remote-gcc|x86
		{20240108-0000-0000-0000-010532000001}.Debug-remote-gcc|x86.Deploy.0 = Debug-remote-gcc|x86
		{20240108-0000-0000-0000-010532000001}.Debug-WSL-gcc|ARM.ActiveCfg = Debug-WSL-gcc|ARM
		{20240108-0000-0000-0000-010532000001}.Debug-WSL-gcc|ARM.Build.0 = Debug-WSL-gcc|ARM
		{20240108-0000-0000-0000-010532000001}.Debug-WSL-gcc|ARM.Deploy.0 = Debug-WSL-gcc|ARM
		{20240108-0000-0000-0000-010532000001}.Debug-WSL-gcc|ARM64.ActiveCfg = Debug-WSL-gcc|ARM64
		{20240108-0000-0000-0000-010532000001}.Debug-WSL-gcc|ARM64.Build.0 = Debug-WSL-gcc|ARM64
		{20240108-0000-0000-0000-010532000001}.Debug-WSL-gcc|ARM64.Deploy.0 = Debug-WSL-gcc|ARM64
		{20240108-0000-0000-0000-010532000001}.Debug-WSL-gcc|x64.ActiveCfg = Debug-WSL-gcc|x64
		{20240108-0000-0000-0000-010532000001}.Debug-WSL-gcc|x64.Build.0 = Debug-WSL-gcc|x64
		{20240108-0000-0000-0000-010532000001}.Debug-WSL-gcc|x64.Deploy.0 = Debug-WSL-gcc|x64
		{20240108-0000-0000-0000-010532000001}.Debug-WSL-gcc|x86.ActiveCfg = Debug-WSL-gcc|x86
		{20240108-0000-0000-0000-010532000001}.Debug-WSL-gcc|x86.Build.0 = Debug-WSL-gcc|x86
		{20240108-0000-0000-0000-010532000001}.Debug-WSL-gcc|x86.Deploy.0 = Debug-WSL-gcc|x86
		{20240108-0000-0000-0000-010532000001}.Release|ARM.ActiveCfg = Release|ARM
		{20240108-0000-0000-0000-010532000001}.Release|ARM.Build.0 = Release|ARM
		{20240108-0000-0000-0000-010532000001}.Release|ARM.Deploy.0 = Release|ARM
		{20240108-0000-0000-0000-010532000001}.Release|ARM64.ActiveCfg = Release|ARM64
		{20240108-0000-0000-0000-010532000001}.Release|ARM64.Build.0 = Release|ARM64
		{20240108-0000-0000-0000-010532000001}.Release|ARM64.Deploy.0 = Release|ARM64
		{20240108-0000-0000-0000-010532000001}.Release|x64.ActiveCfg = Release|x64
		{20240108-0000-0000-0000-010532000001}.Release|x64.Build.0 = Release|x64
		{20240108-0000-0000-0000-010532000001}.Release|x64.Deploy.0 = Release|x64
		{20240108-0000-0000-0000-010532000001}.Release|x86.ActiveCfg = Release|x86
		{20240108-0000-0000-0000-010532000001}.Release|x86.Build.0 = Release|x86
		{20240108-0000-0000-0000-010532000001}.Release|x86.Deploy.0 = Release|x86
		{20240108-0000-0000-0000-013236000001}.Debug-remote-gcc|ARM.ActiveCfg = Debug-remote-gcc|ARM
		{20240108-0000-0000-0000-013236000001}.Debug-remote-gcc|ARM.Build.0 = Debug-remote-gcc|ARM
		{20240108-0000-0000-0000-013236000001}.Debug-remote-gcc|ARM.Deploy.0 = Debug-remote-gcc|ARM
		{20240108-0000-0000-0000-013236000001}.Debug-remote-gcc|ARM64.ActiveCfg = Debug-remote-gcc|ARM64
		{20240108-0000-0000-0000-013236000001}.Debug-remote-gcc|ARM64.Build.0 = Debug-remote-gcc|ARM64
		{20240108-0000-0000-0000-013236000001}.Debug-remote-gcc|ARM64.Deploy.0 = Debug-remote-gcc|ARM64
		{20240108-0000-0000-0000-013236000001}.Debug-remote-gcc|x64.ActiveCfg = Debug-remote-gcc|x64
		{20240108-0000-0000-0000-013236000001}.Debug-remote-gcc|x64.Build.0 = Debug-remote-gcc|x64
		{20240108-0000-0000-0000-013236000001}.Debug-remote-gcc|x64.Deploy.0 = Debug-remote-gcc|x64
		{20240108-0000-0000-0000-013236000001}.Debug-remote-gcc|x86.ActiveCfg = Debug-remote-gcc|x86
		{20240108-0000-0000-0000-013236000001}.Debug-remote-gcc|x86.Build.0 = Debug-remote-gcc|x86
		{20240108-0000-0000-0000-013236000001}.Debug-remote-gcc|x86.Deploy.0 = Debug-remote-gcc|x86
		{20240108-0000-0000-0000-013236000001}.Debug-WSL-gcc|ARM.ActiveCfg = Debug-WSL-gcc|ARM
		{20240108-0000-0000-0000-013236000001}.Debug-WSL-gcc|ARM.Build.0 = Debug-WSL-gcc|ARM
		{20240108-0000-0000-0000-013236000001}.Debug-WSL-gcc|ARM.Deploy.0 = Debug-WSL-gcc|ARM
		{20240108-0000-0000-0000-013236000001}.Debug-WSL-gcc|ARM64.ActiveCfg = Debug-WSL-gcc|ARM64
		{20240108-0000-0000-0000-013236000001}.Debug-WSL-gcc|ARM64.Build.0 = Debug-WSL-gcc|ARM64
		{20240108-0000-0000-0000-013236000001}.Debug-WSL-gcc|ARM64.Deploy.0 = Debug-WSL-gcc|ARM64
		{20240108-0000-0000-0000-013236000001}.Debug-WSL-gcc|x64.ActiveCfg = Debug-WSL-gcc|x64
		{20240108-0000-0000-0000-013236000001}.Debug-WSL-gcc|x64.Build.0 = Debug-WSL-gcc|x64
		{20240108-0000-0000-0000-013236000001}.Debug-WSL-gcc|x64.Deploy.0 = Debug-WSL-gcc|x64
		{20240108-0000-0000-0000-013236000001}.Debug-WSL-gcc|x86.ActiveCfg = Debug-WSL-gcc|x86
		{20240108-0000-0000-0000-013236000001}.Debug-WSL-gcc|x86.Build.0 = Debug-WSL-gcc|x86
		{20240108-0000-0000-0000-013236000001}.Debug-WSL-gcc|x86.Deploy.0 = Debug-WSL-gcc|x86
		{20240108-0000-0000-0000-013236000001}.Release|ARM.ActiveCfg = Release|ARM
		{20240108-0000-0000-0000-013236000001}.Release|ARM.Build.0 = Release|ARM
		{20240108-0000-0000-0000-013236000001}.Release|ARM.Deploy.0 = Release|ARM
		{20240108-0000-0000-0000-013236000001}.Release|ARM64.ActiveCfg = Release|ARM64
		{20240108-0000-0000-0000-013236000001}.Release|ARM64.Build.0 = Release|ARM64
		{20240108-0000-0000-0000-013236000001}.Release|ARM64.Deploy.0 = Release|ARM64
		{20240108-0000-0000-0000-013236000001}.Release|x64.ActiveCfg = Release|x64
		{20240108-0000-0000-0000-013236000001}.Release|x64.Build.0 = Release|x64
		{20240108-0000-0000-0000-013236000001}.Release|x64.Deploy.0 = Release|x64
		{20240108-0000-0000-0000-013236000001}.Release|x86.ActiveCfg = Release|x86
		{20240108-0000-0000-0000-013236000001}.Release|x86.Build.0 = Release|x86
		{20240108-0000-0000-0000-013236000001}.Release|x86.Deploy.0 = Release|x86
		{20240108-0000-0000-0000-104714000001}.Debug-remote-gcc|ARM.ActiveCfg = Debug-remote-gcc|ARM
		{20240108-0000-0000-0000-104714000001}.Debug-remote-gcc|ARM.Build.0 = Debug-remote-gcc|ARM
		{20240108-0000-0000-0000-104714000001}.Debug-remote-gcc|ARM.Deploy.0 = Debug-remote-gcc|ARM
		{20240108-0000-0000-0000-104714000001}.Debug-remote-gcc|ARM64.ActiveCfg = Debug-remote-gcc|ARM64
		{20240108-0000-0000-0000-104714000001}.Debug-remote-gcc|ARM64.Build.0 = Debug-remote-gcc|ARM64
		{20240108-0000-0000-0000-104714000001}.Debug-remote-gcc|ARM64.Deploy.0 = Debug-remote-gcc|ARM64
		{20240108-0000-0000-0000-104714000001}.Debug-remote-gcc|x64.ActiveCfg = Debug-remote-gcc|x64
		{20240108-0000-0000-0000-104714000001}.Debug-remote-gcc|x64.Build.0 = Debug-remote-gcc|x64
		{20240108-0000-0000-0000-104714000001}.Debug-remote-gcc|x64.Deploy.0 = Debug-remote-gcc|x64
		{20240108-0000-0000-0000-104714000001}.Debug-remote-gcc|x86.ActiveCfg = Debug-remote-gcc|x86
		{20240108-0000-0000-0000-104714000001}.Debug-remote-gcc|x86.Build.0 = Debug-remote-gcc|x86
		{20240108-0000-0000-0000-104714000001}.Debug-remote-gcc|x86.Deploy.0 = Debug-remote-gcc|x86
		{20240108-0000-0000-0000-104714000001}.Debug-WSL-gcc|ARM.ActiveCfg = Debug-WSL-gcc|ARM
		{20240108-0000-0000-0000-104714000001}.Debug-WSL-gcc|ARM.Build.0 = Debug-WSL-gcc|ARM
		{20240108-0000-0000-0000-104714000001}.Debug-WSL-gcc|ARM.Deploy.0 = Debug-WSL-gcc|ARM
		{20240108-0000-0000-0000-104714000001}.Debug-WSL-gcc|ARM64.ActiveCfg = Debug-WSL-gcc|ARM64
		{20240108-0000-0000-0000-104714000001}.Debug-WSL-gcc|ARM64.Build.0 = Debug-WSL-gcc|ARM64
		{20240108-0000-0000-0000-104714000001}.Debug-WSL-gcc|ARM64.Deploy.0 = Debug-WSL-gcc|ARM64
		{20240108-0000-0000-0000-104714000001}.Debug-WSL-gcc|x64.ActiveCfg = Debug-WSL-gcc|x64
		{20240108-0000-0000-0000-104714000001}.Debug-WSL-gcc|x64.Build.0 = Debug-WSL-gcc|x64
		{20240108-0000-0000-0000-104714000001}.Debug-WSL-gcc|x64.Deploy.0 = Debug-WSL-gcc|x64
		{20240108-0000-0000-0000-104714000001}.Debug-WSL-gcc|x86.ActiveCfg = Debug-WSL-gcc|x86
		{20240108-0000-0000-0000-104714000001}.Debug-WSL-gcc|x86.Build.0 = Debug-WSL-gcc|x86
		{20240108-0000-0000-0000-104714000001}.Debug-WSL-gcc|x86.Deploy.0 = Debug-WSL-gcc|x86
		{20240108-0000-0000-0000-104714000001}.Release|ARM.ActiveCfg = Release|ARM
		{20240108-0000-0000-0000-104714000001}.Release|ARM.Build.0 = Release|ARM
		{20240108-0000-0000-0000-104714000001}.Release|ARM.Deploy.0 = Release|ARM
		{20240108-0000-0000-0000-104714000001}.Release|ARM64.ActiveCfg = Release|ARM64
		{20240108-0000-0000-0000-104714000001}.Release|ARM64.Build.0 = Release|ARM64
		{20240108-0000-0000-0000-104714000001}.Release|ARM64.Deploy.0 = Release|ARM64
		{20240108-0000-0000-0000-104714000001}.Release|x64.ActiveCfg = Release|x64
		{20240108-0000-0000-0000-104714000001}.Release|x64.Build.0 = Release|x64
		{20240108-0000-0000-0000-104714000001}.Release|x64.Deploy.0 = Release|x64
		{20240108-0000-0000-0000-104714000001}.Release|x86.ActiveCfg = Release|x86
		{20240108-0000-0000-0000-104714000001}.Release|x86.Build.0 = Release|x86
		{20240108-0000-0000-0000-104714000001}.Release|x86.Deploy.0 = Release|x86
		{20240108-0000-0000-0000-105320000001}.Debug-remote-gcc|ARM.ActiveCfg = Debug-remote-gcc|ARM
		{20240108-0000-0000-0000-105320000001}.Debug-remote-gcc|ARM.Build.0 = Debug-remote-gcc|ARM
		{20240108-0000-0000-0000-105320000001}.Debug-remote-gcc|ARM.Deploy.0 = Debug-remote-gcc|ARM
		{20240108-0000-0000-0000-105320000001}.Debug-remote-gcc|ARM64.ActiveCfg = Debug-remote-gcc|ARM64
		{20240108-0000-0000-0000-105320000001}.Debug-remote-gcc|ARM64.Build.0 = Debug-remote-gcc|ARM64
		{20240108-0000-0000-0000-105320000001}.Debug-remote-gcc|ARM64.Deploy.0 = Debug-remote-gcc|ARM64
		{20240108-0000-0000-0000-105320000001}.Debug-remote-gcc|x64.ActiveCfg = Debug-remote-gcc|x64
		{20240108-0000-0000-0000-105320000001}.Debug-remote-gcc|x64.Build.0 = Debug-remote-gcc|x64
		{20240108-0000-0000-0000-105320000001}.Debug-remote-gcc|x64.Deploy.0 = Debug-remote-gcc|x64
		{20240108-0000-0000-0000-105320000001}.Debug-remote-gcc|x86.ActiveCfg = Debug-remote-gcc|x86
		{20240108-0000-0000-0000-105320000001}.Debug-remote-gcc|x86.Build.0 = Debug-remote-gcc|x86
		{20240108-0000-0000-0000-105320000001}.Debug-remote-gcc|x86.Deploy.0 = Debug-remote-gcc|x86
		{20240108-0000-0000-0000-105320000001}.Debug-WSL-gcc|ARM.ActiveCfg = Debug-WSL-gcc|ARM
		{20240108-0000-0000-0000-105320000001}.Debug-WSL-gcc|ARM.Build.0 = Debug-WSL-gcc|ARM
		{20240108-0000-0000-0000-105320000001}.Debug-WSL-gcc|ARM.Deploy.0 = Debug-WSL-gcc|ARM
		{20240108-0000-0000-0000-105320000001}.Debug-WSL-gcc|ARM64.ActiveCfg = Debug-WSL-gcc|ARM64
		{20240108-0000-0000-0000-105320000001}.Debug-WSL-gcc|ARM64.Build.0 = Debug-WSL-gcc|ARM64
		{20240108-0000-0000-0000-105320000001}.Debug-WSL-gcc|ARM64.Deploy.0 = Debug-WSL-gcc|ARM64
		{20240108-0000-0000-0000-105320000001}.Debug-WSL-gcc|x64.ActiveCfg = Debug-WSL-gcc|x64
		{20240108-0000-0000-0000-105320000001}.Debug-WSL-gcc|x64.Build.0 = Debug-WSL-gcc|x64
		{20240108-0000-0000-0000-105320000001}.Debug-WSL-gcc|x64.Deploy.0 = Debug-WSL-gcc|x64
		{20240108-0000-0000-0000-105320000001}.Debug-WSL-gcc|x86.ActiveCfg = Debug-WSL-gcc|x86
		{20240108-0000-0000-0000-105320000001}.Debug-WSL-gcc|x86.Build.0 = Debug-WSL-gcc|x86
		{20240108-0000-0000-0000-105320000001}.Debug-WSL-gcc|x86.Deploy.0 = Debug-WSL-gcc|x86
		{20240108-0000-0000-0000-105320000001}.Release|ARM.ActiveCfg = Release|ARM
		{20240108-0000-0000-0000-105320000001}.Release|ARM.Build.0 = Release|ARM
		{20240108-0000-0000-0000-105320000001}.Release|ARM.Deploy.0 = Release|ARM
		{20240108-0000-0000-0000-105320000001}.Release|ARM64.ActiveCfg = Release|ARM64
		{20240108-0000-0000-0000-105320000001}.Release|ARM64.Build.0 = Release|ARM64
		{20240108-0000-0000-0000-105320000001}.Release|ARM64.Deploy.0 = Release|ARM64
		{20240108-0000-0000-0000-105320000001}.Release|x64.ActiveCfg = Release|x64
		{20240108-0000-0000-0000-105320000001}.Release|x64.Build.0 = Release|x64
		{20240108-0000-0000-0000-105320000001}.Release|x64.Deploy.0 = Release|x64
		{20240108-0000-0000-0000-105320000001}.Release|x86.ActiveCfg = Release|x86
		{20240108-0000-0000-0000-105320000001}.Release|x86.Build.0 = Release|x86
		{20240108-0000-0000-0000-105320000001}.Release|x86.Deploy.0 = Release|x86
		{E0B4CF6F-720F-48C4-A504-842EADD932CC}.Debug-remote-gcc|ARM.ActiveCfg = Debug-remote-gcc|ARM
		{E0B4CF6F-720F-48C4-A504-842EADD932CC}.Debug-remote-gcc|ARM.Build.0 = Debug-remote-gcc|ARM
		{E0B4CF6F-720F-48C4-A504-842EADD932CC}.Debug-remote-gcc|ARM.Deploy.0 = Debug-remote-gcc|ARM
		{E0B4CF6F-720F-48C4-A504-842EADD932CC}.Debug-remote-gcc|ARM64.ActiveCfg = Debug-remote-gcc|ARM64
		{E0B4CF6F-720F-48C4-A504-842EADD932CC}.Debug-remote-gcc|ARM64.Build.0 = Debug-remote-gcc|ARM64
		{E0B4CF6F-720F-48C4-A504-842EADD932CC}.Debug-remote-gcc|ARM64.Deploy.0 = Debug-remote-gcc|ARM64
		{E0B4CF6F-720F-48C4-A504-842EADD932CC}.Debug-remote-gcc|x64.ActiveCfg = Debug-remote-gcc|x64
		{E0B4CF6F-720F-48C4-A504-842EADD932CC}.Debug-remote-gcc|x64.Build.0 = Debug-remote-gcc|x64
		{E0B4CF6F-720F-48C4-A504-842EADD932CC}.Debug-remote-gcc|x64.Deploy.0 = Debug-remote-gcc|x64
		{E0B4CF6F-720F-48C4-A504-842EADD932CC}.Debug-remote-gcc|x86.ActiveCfg = Debug-remote-gcc|x86
		{E0B4CF6F-720F-48C4-A504-842EADD932CC}.Debug-remote-gcc|x86.Build.0 = Debug-remote-gcc|x86
		{E0B4CF6F-720F-48C4-A504-842EADD932CC}.Debug-remote-gcc|x86.Deploy.0 = Debug-remote-gcc|x86
		{E0B4CF6F-720F-48C4-A504-842EADD932CC}.Debug-WSL-gcc|ARM.ActiveCfg = Debug-WSL-gcc|ARM
		{E0B4CF6F-720F-48C4-A504-842EADD932CC}.Debug-WSL-gcc|ARM.Build.0 = Debug-WSL-gcc|ARM
		{E0B4CF6F-720F-48C4-A504-842EADD932CC}.Debug-WSL-gcc|ARM.Deploy.0 = Debug-WSL-gcc|ARM
		{E0B4CF6F-720F-48C4-A504-842EADD932CC}.Debug-WSL-gcc|ARM64.ActiveCfg = Debug-WSL-gcc|ARM64
		{E0B4CF6F-720F-48C4-A504-842EADD932CC}.Debug-WSL-gcc|ARM64.Build.0 = Debug-WSL-gcc|ARM64
		{E0B4CF6F-720F-48C4-A504-842EADD932CC}.Debug-WSL-gcc|ARM64.Deploy.0 = Debug-WSL-gcc|ARM64
		{E0B4CF6F-720F-48C4-A504-842EADD932CC}.Debug-WSL-gcc|x64.ActiveCfg = Debug-WSL-gcc|x64
		{E0B4CF6F-720F-48C4-A504-842EADD932CC}.Debug-WSL-gcc|x64.Build.0 = Debug-WSL-gcc|x64
		{E0B4CF6F-720F-48C4-A504-842EADD932CC}.Debug-WSL-gcc|x64.Deploy.0 = Debug-WSL-gcc|x64
		{E0B4CF6F-720F-48C4-A504-842EADD932CC}.Debug-WSL-gcc|x86.ActiveCfg = Debug-WSL-gcc|x86
		{E0B4CF6F-720F-48C4-A504-842EADD932CC}.Debug-WSL-gcc|x86.Build.0 = Debug-WSL-gcc|x86
		{E0B4CF6F-720F-48C4-A504-842EADD932CC}.Debug-WSL-gcc|x86.Deploy.0 = Debug-WSL-gcc|x86
		{E0B4CF6F-720F-48C4-A504-842EADD932CC}.Release|ARM.ActiveCfg = Release|ARM
		{E0B4CF6F-720F-48C4-A504-842EADD932CC}.Release|ARM.Build.0 = Release|ARM
		{E0B4CF6F-720F-48C4-A504-842EADD932CC}.Release|ARM.Deploy.0 = Release|ARM
		{E0B4CF6F-720F-48C4-A504-842EADD932CC}.Release|ARM64.ActiveCfg = Release|ARM64
		{E0B4CF6F-720F-48C4-A504-842EADD932CC}.Release|ARM64.Build.0 = Release|ARM64
		{E0B4CF6F-720F-48C4-A504-842EADD932CC}.Release|ARM64.Deploy.0 = Release|ARM64
		{E0B4CF6F-720F-48C4-A504-842EADD932CC}.Release|x64.ActiveCfg = Release|x64
		{E0B4CF6F-720F-48C4-A504-842EADD932CC}.Release|x64.Build.0 = Release|x64
		{E0B4CF6F-720F-48C4-A504-842EADD932CC}.Release|x64.Deploy.0 = Release|x64
		{E0B4CF6F-720F-48C4-A504-842EADD932CC}.Release|x86.ActiveCfg = Release|x86
		{E0B4CF6F-720F-48C4-A504-842EADD932CC}.Release|x86.Build.0 = Release|x86
		{E0B4CF6F-720F-48C4-A504-842EADD932CC}.Release|x86.Deploy.0 = Release|x86
	EndGlobalSection
	GlobalSection(SolutionProperties) = preSolution
		HideSolutionNode = FALSE
	EndGlobalSection
	GlobalSection(ExtensibilityGlobals) = postSolution
		SolutionGuid = {DD3059B2-982A-4758-91E1-304B8DB9E049}
	EndGlobalSection
EndGlobal
