
Microsoft Visual Studio Solution File, Format Version 12.00
# Visual Studio Version 16
VisualStudioVersion = 16.0.32002.261
MinimumVisualStudioVersion = 10.0.40219.1
Project("{8BC9CEB8-8B4A-11D0-8D11-00A0C91BC942}") = "02.t_setsid", "..\ch34-pgsjc\t_setsid.vcxproj", "{20231214-0000-0000-0000-222306000001}"
EndProject
Project("{8BC9CEB8-8B4A-11D0-8D11-00A0C91BC942}") = "00_libtlpi", "..\lib\00_libtlpi.vcxproj", "{20231214-0000-0000-0000-211843000001}"
EndProject
Project("{8BC9CEB8-8B4A-11D0-8D11-00A0C91BC942}") = "03.catch_SIGHUP", "..\ch34-pgsjc\catch_SIGHUP.vcxproj", "{20231215-0000-0000-0000-012009000001}"
EndProject
Project("{8BC9CEB8-8B4A-11D0-8D11-00A0C91BC942}") = "04.disc_SIGHUP", "..\ch34-pgsjc\disc_SIGHUP.vcxproj", "{20231215-0000-0000-0000-012832000001}"
EndProject
Project("{8BC9CEB8-8B4A-11D0-8D11-00A0C91BC942}") = "05.job_mon", "..\ch34-pgsjc\job_mon.vcxproj", "{20231215-0000-0000-0000-013215000001}"
EndProject
Project("{8BC9CEB8-8B4A-11D0-8D11-00A0C91BC942}") = "04b.disc_SIGHUP_ignore", "..\ch34-pgsjc\disc_SIGHUP_ignore.vcxproj", "{20231215-0000-0000-0000-01283200000A}"
EndProject
Project("{8BC9CEB8-8B4A-11D0-8D11-00A0C91BC942}") = "06.handling_SIGTSTP", "..\ch34-pgsjc\handling_SIGTSTP.vcxproj", "{20231228-0000-0000-0000-205316000001}"
EndProject
Project("{8BC9CEB8-8B4A-11D0-8D11-00A0C91BC942}") = "07.orphaned_pgrp_SIGHUP", "..\ch34-pgsjc\orphaned_pgrp_SIGHUP.vcxproj", "{20231229-0000-0000-0000-064836000001}"
EndProject
Project("{8BC9CEB8-8B4A-11D0-8D11-00A0C91BC942}") = "03a.catch_SIGHUP_ts", "..\ch34-pgsjc\catch_SIGHUP_ts.vcxproj", "{20231215-0000-0000-0000-01200900000A}"
EndProject
Project("{8BC9CEB8-8B4A-11D0-8D11-00A0C91BC942}") = "04a.disc_SIGHUP_ts", "..\ch34-pgsjc\disc_SIGHUP_ts.vcxproj", "{20231215-0000-0000-0000-012832000A00}"
EndProject
Project("{8BC9CEB8-8B4A-11D0-8D11-00A0C91BC942}") = "07a.orphaned_pgrp_SIGHUP_ts", "..\ch34-pgsjc\orphaned_pgrp_SIGHUP_ts.vcxproj", "{20231229-0000-0000-0000-06483600000A}"
EndProject
Global
	GlobalSection(SolutionConfigurationPlatforms) = preSolution
		Debug-remote-gcc|ARM = Debug-remote-gcc|ARM
		Debug-remote-gcc|ARM64 = Debug-remote-gcc|ARM64
		Debug-remote-gcc|x64 = Debug-remote-gcc|x64
		Debug-remote-gcc|x86 = Debug-remote-gcc|x86
		Debug-WSL-gcc|ARM = Debug-WSL-gcc|ARM
		Debug-WSL-gcc|ARM64 = Debug-WSL-gcc|ARM64
		Debug-WSL-gcc|x64 = Debug-WSL-gcc|x64
		Debug-WSL-gcc|x86 = Debug-WSL-gcc|x86
		Release|ARM = Release|ARM
		Release|ARM64 = Release|ARM64
		Release|x64 = Release|x64
		Release|x86 = Release|x86
	EndGlobalSection
	GlobalSection(ProjectConfigurationPlatforms) = postSolution
		{20231214-0000-0000-0000-222306000001}.Debug-remote-gcc|ARM.ActiveCfg = Debug-remote-gcc|ARM
		{20231214-0000-0000-0000-222306000001}.Debug-remote-gcc|ARM.Build.0 = Debug-remote-gcc|ARM
		{20231214-0000-0000-0000-222306000001}.Debug-remote-gcc|ARM.Deploy.0 = Debug-remote-gcc|ARM
		{20231214-0000-0000-0000-222306000001}.Debug-remote-gcc|ARM64.ActiveCfg = Debug-remote-gcc|ARM64
		{20231214-0000-0000-0000-222306000001}.Debug-remote-gcc|ARM64.Build.0 = Debug-remote-gcc|ARM64
		{20231214-0000-0000-0000-222306000001}.Debug-remote-gcc|ARM64.Deploy.0 = Debug-remote-gcc|ARM64
		{20231214-0000-0000-0000-222306000001}.Debug-remote-gcc|x64.ActiveCfg = Debug-remote-gcc|x64
		{20231214-0000-0000-0000-222306000001}.Debug-remote-gcc|x64.Build.0 = Debug-remote-gcc|x64
		{20231214-0000-0000-0000-222306000001}.Debug-remote-gcc|x64.Deploy.0 = Debug-remote-gcc|x64
		{20231214-0000-0000-0000-222306000001}.Debug-remote-gcc|x86.ActiveCfg = Debug-remote-gcc|x86
		{20231214-0000-0000-0000-222306000001}.Debug-remote-gcc|x86.Build.0 = Debug-remote-gcc|x86
		{20231214-0000-0000-0000-222306000001}.Debug-remote-gcc|x86.Deploy.0 = Debug-remote-gcc|x86
		{20231214-0000-0000-0000-222306000001}.Debug-WSL-gcc|ARM.ActiveCfg = Debug-WSL-gcc|ARM
		{20231214-0000-0000-0000-222306000001}.Debug-WSL-gcc|ARM.Build.0 = Debug-WSL-gcc|ARM
		{20231214-0000-0000-0000-222306000001}.Debug-WSL-gcc|ARM.Deploy.0 = Debug-WSL-gcc|ARM
		{20231214-0000-0000-0000-222306000001}.Debug-WSL-gcc|ARM64.ActiveCfg = Debug-WSL-gcc|ARM64
		{20231214-0000-0000-0000-222306000001}.Debug-WSL-gcc|ARM64.Build.0 = Debug-WSL-gcc|ARM64
		{20231214-0000-0000-0000-222306000001}.Debug-WSL-gcc|ARM64.Deploy.0 = Debug-WSL-gcc|ARM64
		{20231214-0000-0000-0000-222306000001}.Debug-WSL-gcc|x64.ActiveCfg = Debug-WSL-gcc|x64
		{20231214-0000-0000-0000-222306000001}.Debug-WSL-gcc|x64.Build.0 = Debug-WSL-gcc|x64
		{20231214-0000-0000-0000-222306000001}.Debug-WSL-gcc|x64.Deploy.0 = Debug-WSL-gcc|x64
		{20231214-0000-0000-0000-222306000001}.Debug-WSL-gcc|x86.ActiveCfg = Debug-WSL-gcc|x86
		{20231214-0000-0000-0000-222306000001}.Debug-WSL-gcc|x86.Build.0 = Debug-WSL-gcc|x86
		{20231214-0000-0000-0000-222306000001}.Debug-WSL-gcc|x86.Deploy.0 = Debug-WSL-gcc|x86
		{20231214-0000-0000-0000-222306000001}.Release|ARM.ActiveCfg = Release|ARM
		{20231214-0000-0000-0000-222306000001}.Release|ARM.Build.0 = Release|ARM
		{20231214-0000-0000-0000-222306000001}.Release|ARM.Deploy.0 = Release|ARM
		{20231214-0000-0000-0000-222306000001}.Release|ARM64.ActiveCfg = Release|ARM64
		{20231214-0000-0000-0000-222306000001}.Release|ARM64.Build.0 = Release|ARM64
		{20231214-0000-0000-0000-222306000001}.Release|ARM64.Deploy.0 = Release|ARM64
		{20231214-0000-0000-0000-222306000001}.Release|x64.ActiveCfg = Release|x64
		{20231214-0000-0000-0000-222306000001}.Release|x64.Build.0 = Release|x64
		{20231214-0000-0000-0000-222306000001}.Release|x64.Deploy.0 = Release|x64
		{20231214-0000-0000-0000-222306000001}.Release|x86.ActiveCfg = Release|x86
		{20231214-0000-0000-0000-222306000001}.Release|x86.Build.0 = Release|x86
		{20231214-0000-0000-0000-222306000001}.Release|x86.Deploy.0 = Release|x86
		{20231214-0000-0000-0000-211843000001}.Debug-remote-gcc|ARM.ActiveCfg = Debug-remote-gcc|ARM
		{20231214-0000-0000-0000-211843000001}.Debug-remote-gcc|ARM.Build.0 = Debug-remote-gcc|ARM
		{20231214-0000-0000-0000-211843000001}.Debug-remote-gcc|ARM.Deploy.0 = Debug-remote-gcc|ARM
		{20231214-0000-0000-0000-211843000001}.Debug-remote-gcc|ARM64.ActiveCfg = Debug-remote-gcc|ARM64
		{20231214-0000-0000-0000-211843000001}.Debug-remote-gcc|ARM64.Build.0 = Debug-remote-gcc|ARM64
		{20231214-0000-0000-0000-211843000001}.Debug-remote-gcc|ARM64.Deploy.0 = Debug-remote-gcc|ARM64
		{20231214-0000-0000-0000-211843000001}.Debug-remote-gcc|x64.ActiveCfg = Debug-remote-gcc|x64
		{20231214-0000-0000-0000-211843000001}.Debug-remote-gcc|x64.Build.0 = Debug-remote-gcc|x64
		{20231214-0000-0000-0000-211843000001}.Debug-remote-gcc|x64.Deploy.0 = Debug-remote-gcc|x64
		{20231214-0000-0000-0000-211843000001}.Debug-remote-gcc|x86.ActiveCfg = Debug-remote-gcc|x86
		{20231214-0000-0000-0000-211843000001}.Debug-remote-gcc|x86.Build.0 = Debug-remote-gcc|x86
		{20231214-0000-0000-0000-211843000001}.Debug-remote-gcc|x86.Deploy.0 = Debug-remote-gcc|x86
		{20231214-0000-0000-0000-211843000001}.Debug-WSL-gcc|ARM.ActiveCfg = Debug-WSL-gcc|ARM
		{20231214-0000-0000-0000-211843000001}.Debug-WSL-gcc|ARM.Build.0 = Debug-WSL-gcc|ARM
		{20231214-0000-0000-0000-211843000001}.Debug-WSL-gcc|ARM.Deploy.0 = Debug-WSL-gcc|ARM
		{20231214-0000-0000-0000-211843000001}.Debug-WSL-gcc|ARM64.ActiveCfg = Debug-WSL-gcc|ARM64
		{20231214-0000-0000-0000-211843000001}.Debug-WSL-gcc|ARM64.Build.0 = Debug-WSL-gcc|ARM64
		{20231214-0000-0000-0000-211843000001}.Debug-WSL-gcc|ARM64.Deploy.0 = Debug-WSL-gcc|ARM64
		{20231214-0000-0000-0000-211843000001}.Debug-WSL-gcc|x64.ActiveCfg = Debug-WSL-gcc|x64
		{20231214-0000-0000-0000-211843000001}.Debug-WSL-gcc|x64.Build.0 = Debug-WSL-gcc|x64
		{20231214-0000-0000-0000-211843000001}.Debug-WSL-gcc|x64.Deploy.0 = Debug-WSL-gcc|x64
		{20231214-0000-0000-0000-211843000001}.Debug-WSL-gcc|x86.ActiveCfg = Debug-WSL-gcc|x86
		{20231214-0000-0000-0000-211843000001}.Debug-WSL-gcc|x86.Build.0 = Debug-WSL-gcc|x86
		{20231214-0000-0000-0000-211843000001}.Debug-WSL-gcc|x86.Deploy.0 = Debug-WSL-gcc|x86
		{20231214-0000-0000-0000-211843000001}.Release|ARM.ActiveCfg = Release|ARM
		{20231214-0000-0000-0000-211843000001}.Release|ARM.Build.0 = Release|ARM
		{20231214-0000-0000-0000-211843000001}.Release|ARM.Deploy.0 = Release|ARM
		{20231214-0000-0000-0000-211843000001}.Release|ARM64.ActiveCfg = Release|ARM64
		{20231214-0000-0000-0000-211843000001}.Release|ARM64.Build.0 = Release|ARM64
		{20231214-0000-0000-0000-211843000001}.Release|ARM64.Deploy.0 = Release|ARM64
		{20231214-0000-0000-0000-211843000001}.Release|x64.ActiveCfg = Release|x64
		{20231214-0000-0000-0000-211843000001}.Release|x64.Build.0 = Release|x64
		{20231214-0000-0000-0000-211843000001}.Release|x64.Deploy.0 = Release|x64
		{20231214-0000-0000-0000-211843000001}.Release|x86.ActiveCfg = Release|x86
		{20231214-0000-0000-0000-211843000001}.Release|x86.Build.0 = Release|x86
		{20231214-0000-0000-0000-211843000001}.Release|x86.Deploy.0 = Release|x86
		{20231215-0000-0000-0000-012009000001}.Debug-remote-gcc|ARM.ActiveCfg = Debug-remote-gcc|ARM
		{20231215-0000-0000-0000-012009000001}.Debug-remote-gcc|ARM.Build.0 = Debug-remote-gcc|ARM
		{20231215-0000-0000-0000-012009000001}.Debug-remote-gcc|ARM.Deploy.0 = Debug-remote-gcc|ARM
		{20231215-0000-0000-0000-012009000001}.Debug-remote-gcc|ARM64.ActiveCfg = Debug-remote-gcc|ARM64
		{20231215-0000-0000-0000-012009000001}.Debug-remote-gcc|ARM64.Build.0 = Debug-remote-gcc|ARM64
		{20231215-0000-0000-0000-012009000001}.Debug-remote-gcc|ARM64.Deploy.0 = Debug-remote-gcc|ARM64
		{20231215-0000-0000-0000-012009000001}.Debug-remote-gcc|x64.ActiveCfg = Debug-remote-gcc|x64
		{20231215-0000-0000-0000-012009000001}.Debug-remote-gcc|x64.Build.0 = Debug-remote-gcc|x64
		{20231215-0000-0000-0000-012009000001}.Debug-remote-gcc|x64.Deploy.0 = Debug-remote-gcc|x64
		{20231215-0000-0000-0000-012009000001}.Debug-remote-gcc|x86.ActiveCfg = Debug-remote-gcc|x86
		{20231215-0000-0000-0000-012009000001}.Debug-remote-gcc|x86.Build.0 = Debug-remote-gcc|x86
		{20231215-0000-0000-0000-012009000001}.Debug-remote-gcc|x86.Deploy.0 = Debug-remote-gcc|x86
		{20231215-0000-0000-0000-012009000001}.Debug-WSL-gcc|ARM.ActiveCfg = Debug-WSL-gcc|ARM
		{20231215-0000-0000-0000-012009000001}.Debug-WSL-gcc|ARM.Build.0 = Debug-WSL-gcc|ARM
		{20231215-0000-0000-0000-012009000001}.Debug-WSL-gcc|ARM.Deploy.0 = Debug-WSL-gcc|ARM
		{20231215-0000-0000-0000-012009000001}.Debug-WSL-gcc|ARM64.ActiveCfg = Debug-WSL-gcc|ARM64
		{20231215-0000-0000-0000-012009000001}.Debug-WSL-gcc|ARM64.Build.0 = Debug-WSL-gcc|ARM64
		{20231215-0000-0000-0000-012009000001}.Debug-WSL-gcc|ARM64.Deploy.0 = Debug-WSL-gcc|ARM64
		{20231215-0000-0000-0000-012009000001}.Debug-WSL-gcc|x64.ActiveCfg = Debug-WSL-gcc|x64
		{20231215-0000-0000-0000-012009000001}.Debug-WSL-gcc|x64.Build.0 = Debug-WSL-gcc|x64
		{20231215-0000-0000-0000-012009000001}.Debug-WSL-gcc|x64.Deploy.0 = Debug-WSL-gcc|x64
		{20231215-0000-0000-0000-012009000001}.Debug-WSL-gcc|x86.ActiveCfg = Debug-WSL-gcc|x86
		{20231215-0000-0000-0000-012009000001}.Debug-WSL-gcc|x86.Build.0 = Debug-WSL-gcc|x86
		{20231215-0000-0000-0000-012009000001}.Debug-WSL-gcc|x86.Deploy.0 = Debug-WSL-gcc|x86
		{20231215-0000-0000-0000-012009000001}.Release|ARM.ActiveCfg = Release|ARM
		{20231215-0000-0000-0000-012009000001}.Release|ARM.Build.0 = Release|ARM
		{20231215-0000-0000-0000-012009000001}.Release|ARM.Deploy.0 = Release|ARM
		{20231215-0000-0000-0000-012009000001}.Release|ARM64.ActiveCfg = Release|ARM64
		{20231215-0000-0000-0000-012009000001}.Release|ARM64.Build.0 = Release|ARM64
		{20231215-0000-0000-0000-012009000001}.Release|ARM64.Deploy.0 = Release|ARM64
		{20231215-0000-0000-0000-012009000001}.Release|x64.ActiveCfg = Release|x64
		{20231215-0000-0000-0000-012009000001}.Release|x64.Build.0 = Release|x64
		{20231215-0000-0000-0000-012009000001}.Release|x64.Deploy.0 = Release|x64
		{20231215-0000-0000-0000-012009000001}.Release|x86.ActiveCfg = Release|x86
		{20231215-0000-0000-0000-012009000001}.Release|x86.Build.0 = Release|x86
		{20231215-0000-0000-0000-012009000001}.Release|x86.Deploy.0 = Release|x86
		{20231215-0000-0000-0000-012832000001}.Debug-remote-gcc|ARM.ActiveCfg = Debug-remote-gcc|ARM
		{20231215-0000-0000-0000-012832000001}.Debug-remote-gcc|ARM.Build.0 = Debug-remote-gcc|ARM
		{20231215-0000-0000-0000-012832000001}.Debug-remote-gcc|ARM.Deploy.0 = Debug-remote-gcc|ARM
		{20231215-0000-0000-0000-012832000001}.Debug-remote-gcc|ARM64.ActiveCfg = Debug-remote-gcc|ARM64
		{20231215-0000-0000-0000-012832000001}.Debug-remote-gcc|ARM64.Build.0 = Debug-remote-gcc|ARM64
		{20231215-0000-0000-0000-012832000001}.Debug-remote-gcc|ARM64.Deploy.0 = Debug-remote-gcc|ARM64
		{20231215-0000-0000-0000-012832000001}.Debug-remote-gcc|x64.ActiveCfg = Debug-remote-gcc|x64
		{20231215-0000-0000-0000-012832000001}.Debug-remote-gcc|x64.Build.0 = Debug-remote-gcc|x64
		{20231215-0000-0000-0000-012832000001}.Debug-remote-gcc|x64.Deploy.0 = Debug-remote-gcc|x64
		{20231215-0000-0000-0000-012832000001}.Debug-remote-gcc|x86.ActiveCfg = Debug-remote-gcc|x86
		{20231215-0000-0000-0000-012832000001}.Debug-remote-gcc|x86.Build.0 = Debug-remote-gcc|x86
		{20231215-0000-0000-0000-012832000001}.Debug-remote-gcc|x86.Deploy.0 = Debug-remote-gcc|x86
		{20231215-0000-0000-0000-012832000001}.Debug-WSL-gcc|ARM.ActiveCfg = Debug-WSL-gcc|ARM
		{20231215-0000-0000-0000-012832000001}.Debug-WSL-gcc|ARM.Build.0 = Debug-WSL-gcc|ARM
		{20231215-0000-0000-0000-012832000001}.Debug-WSL-gcc|ARM.Deploy.0 = Debug-WSL-gcc|ARM
		{20231215-0000-0000-0000-012832000001}.Debug-WSL-gcc|ARM64.ActiveCfg = Debug-WSL-gcc|ARM64
		{20231215-0000-0000-0000-012832000001}.Debug-WSL-gcc|ARM64.Build.0 = Debug-WSL-gcc|ARM64
		{20231215-0000-0000-0000-012832000001}.Debug-WSL-gcc|ARM64.Deploy.0 = Debug-WSL-gcc|ARM64
		{20231215-0000-0000-0000-012832000001}.Debug-WSL-gcc|x64.ActiveCfg = Debug-WSL-gcc|x64
		{20231215-0000-0000-0000-012832000001}.Debug-WSL-gcc|x64.Build.0 = Debug-WSL-gcc|x64
		{20231215-0000-0000-0000-012832000001}.Debug-WSL-gcc|x64.Deploy.0 = Debug-WSL-gcc|x64
		{20231215-0000-0000-0000-012832000001}.Debug-WSL-gcc|x86.ActiveCfg = Debug-WSL-gcc|x86
		{20231215-0000-0000-0000-012832000001}.Debug-WSL-gcc|x86.Build.0 = Debug-WSL-gcc|x86
		{20231215-0000-0000-0000-012832000001}.Debug-WSL-gcc|x86.Deploy.0 = Debug-WSL-gcc|x86
		{20231215-0000-0000-0000-012832000001}.Release|ARM.ActiveCfg = Release|ARM
		{20231215-0000-0000-0000-012832000001}.Release|ARM.Build.0 = Release|ARM
		{20231215-0000-0000-0000-012832000001}.Release|ARM.Deploy.0 = Release|ARM
		{20231215-0000-0000-0000-012832000001}.Release|ARM64.ActiveCfg = Release|ARM64
		{20231215-0000-0000-0000-012832000001}.Release|ARM64.Build.0 = Release|ARM64
		{20231215-0000-0000-0000-012832000001}.Release|ARM64.Deploy.0 = Release|ARM64
		{20231215-0000-0000-0000-012832000001}.Release|x64.ActiveCfg = Release|x64
		{20231215-0000-0000-0000-012832000001}.Release|x64.Build.0 = Release|x64
		{20231215-0000-0000-0000-012832000001}.Release|x64.Deploy.0 = Release|x64
		{20231215-0000-0000-0000-012832000001}.Release|x86.ActiveCfg = Release|x86
		{20231215-0000-0000-0000-012832000001}.Release|x86.Build.0 = Release|x86
		{20231215-0000-0000-0000-012832000001}.Release|x86.Deploy.0 = Release|x86
		{20231215-0000-0000-0000-013215000001}.Debug-remote-gcc|ARM.ActiveCfg = Debug-remote-gcc|ARM
		{20231215-0000-0000-0000-013215000001}.Debug-remote-gcc|ARM.Build.0 = Debug-remote-gcc|ARM
		{20231215-0000-0000-0000-013215000001}.Debug-remote-gcc|ARM.Deploy.0 = Debug-remote-gcc|ARM
		{20231215-0000-0000-0000-013215000001}.Debug-remote-gcc|ARM64.ActiveCfg = Debug-remote-gcc|ARM64
		{20231215-0000-0000-0000-013215000001}.Debug-remote-gcc|ARM64.Build.0 = Debug-remote-gcc|ARM64
		{20231215-0000-0000-0000-013215000001}.Debug-remote-gcc|ARM64.Deploy.0 = Debug-remote-gcc|ARM64
		{20231215-0000-0000-0000-013215000001}.Debug-remote-gcc|x64.ActiveCfg = Debug-remote-gcc|x64
		{20231215-0000-0000-0000-013215000001}.Debug-remote-gcc|x64.Build.0 = Debug-remote-gcc|x64
		{20231215-0000-0000-0000-013215000001}.Debug-remote-gcc|x64.Deploy.0 = Debug-remote-gcc|x64
		{20231215-0000-0000-0000-013215000001}.Debug-remote-gcc|x86.ActiveCfg = Debug-remote-gcc|x86
		{20231215-0000-0000-0000-013215000001}.Debug-remote-gcc|x86.Build.0 = Debug-remote-gcc|x86
		{20231215-0000-0000-0000-013215000001}.Debug-remote-gcc|x86.Deploy.0 = Debug-remote-gcc|x86
		{20231215-0000-0000-0000-013215000001}.Debug-WSL-gcc|ARM.ActiveCfg = Debug-WSL-gcc|ARM
		{20231215-0000-0000-0000-013215000001}.Debug-WSL-gcc|ARM.Build.0 = Debug-WSL-gcc|ARM
		{20231215-0000-0000-0000-013215000001}.Debug-WSL-gcc|ARM.Deploy.0 = Debug-WSL-gcc|ARM
		{20231215-0000-0000-0000-013215000001}.Debug-WSL-gcc|ARM64.ActiveCfg = Debug-WSL-gcc|ARM64
		{20231215-0000-0000-0000-013215000001}.Debug-WSL-gcc|ARM64.Build.0 = Debug-WSL-gcc|ARM64
		{20231215-0000-0000-0000-013215000001}.Debug-WSL-gcc|ARM64.Deploy.0 = Debug-WSL-gcc|ARM64
		{20231215-0000-0000-0000-013215000001}.Debug-WSL-gcc|x64.ActiveCfg = Debug-WSL-gcc|x64
		{20231215-0000-0000-0000-013215000001}.Debug-WSL-gcc|x64.Build.0 = Debug-WSL-gcc|x64
		{20231215-0000-0000-0000-013215000001}.Debug-WSL-gcc|x64.Deploy.0 = Debug-WSL-gcc|x64
		{20231215-0000-0000-0000-013215000001}.Debug-WSL-gcc|x86.ActiveCfg = Debug-WSL-gcc|x86
		{20231215-0000-0000-0000-013215000001}.Debug-WSL-gcc|x86.Build.0 = Debug-WSL-gcc|x86
		{20231215-0000-0000-0000-013215000001}.Debug-WSL-gcc|x86.Deploy.0 = Debug-WSL-gcc|x86
		{20231215-0000-0000-0000-013215000001}.Release|ARM.ActiveCfg = Release|ARM
		{20231215-0000-0000-0000-013215000001}.Release|ARM.Build.0 = Release|ARM
		{20231215-0000-0000-0000-013215000001}.Release|ARM.Deploy.0 = Release|ARM
		{20231215-0000-0000-0000-013215000001}.Release|ARM64.ActiveCfg = Release|ARM64
		{20231215-0000-0000-0000-013215000001}.Release|ARM64.Build.0 = Release|ARM64
		{20231215-0000-0000-0000-013215000001}.Release|ARM64.Deploy.0 = Release|ARM64
		{20231215-0000-0000-0000-013215000001}.Release|x64.ActiveCfg = Release|x64
		{20231215-0000-0000-0000-013215000001}.Release|x64.Build.0 = Release|x64
		{20231215-0000-0000-0000-013215000001}.Release|x64.Deploy.0 = Release|x64
		{20231215-0000-0000-0000-013215000001}.Release|x86.ActiveCfg = Release|x86
		{20231215-0000-0000-0000-013215000001}.Release|x86.Build.0 = Release|x86
		{20231215-0000-0000-0000-013215000001}.Release|x86.Deploy.0 = Release|x86
		{20231215-0000-0000-0000-01283200000A}.Debug-remote-gcc|ARM.ActiveCfg = Debug-remote-gcc|ARM
		{20231215-0000-0000-0000-01283200000A}.Debug-remote-gcc|ARM.Build.0 = Debug-remote-gcc|ARM
		{20231215-0000-0000-0000-01283200000A}.Debug-remote-gcc|ARM.Deploy.0 = Debug-remote-gcc|ARM
		{20231215-0000-0000-0000-01283200000A}.Debug-remote-gcc|ARM64.ActiveCfg = Debug-remote-gcc|ARM64
		{20231215-0000-0000-0000-01283200000A}.Debug-remote-gcc|ARM64.Build.0 = Debug-remote-gcc|ARM64
		{20231215-0000-0000-0000-01283200000A}.Debug-remote-gcc|ARM64.Deploy.0 = Debug-remote-gcc|ARM64
		{20231215-0000-0000-0000-01283200000A}.Debug-remote-gcc|x64.ActiveCfg = Debug-remote-gcc|x64
		{20231215-0000-0000-0000-01283200000A}.Debug-remote-gcc|x64.Build.0 = Debug-remote-gcc|x64
		{20231215-0000-0000-0000-01283200000A}.Debug-remote-gcc|x64.Deploy.0 = Debug-remote-gcc|x64
		{20231215-0000-0000-0000-01283200000A}.Debug-remote-gcc|x86.ActiveCfg = Debug-remote-gcc|x86
		{20231215-0000-0000-0000-01283200000A}.Debug-remote-gcc|x86.Build.0 = Debug-remote-gcc|x86
		{20231215-0000-0000-0000-01283200000A}.Debug-remote-gcc|x86.Deploy.0 = Debug-remote-gcc|x86
		{20231215-0000-0000-0000-01283200000A}.Debug-WSL-gcc|ARM.ActiveCfg = Debug-WSL-gcc|ARM
		{20231215-0000-0000-0000-01283200000A}.Debug-WSL-gcc|ARM.Build.0 = Debug-WSL-gcc|ARM
		{20231215-0000-0000-0000-01283200000A}.Debug-WSL-gcc|ARM.Deploy.0 = Debug-WSL-gcc|ARM
		{20231215-0000-0000-0000-01283200000A}.Debug-WSL-gcc|ARM64.ActiveCfg = Debug-WSL-gcc|ARM64
		{20231215-0000-0000-0000-01283200000A}.Debug-WSL-gcc|ARM64.Build.0 = Debug-WSL-gcc|ARM64
		{20231215-0000-0000-0000-01283200000A}.Debug-WSL-gcc|ARM64.Deploy.0 = Debug-WSL-gcc|ARM64
		{20231215-0000-0000-0000-01283200000A}.Debug-WSL-gcc|x64.ActiveCfg = Debug-WSL-gcc|x64
		{20231215-0000-0000-0000-01283200000A}.Debug-WSL-gcc|x64.Build.0 = Debug-WSL-gcc|x64
		{20231215-0000-0000-0000-01283200000A}.Debug-WSL-gcc|x64.Deploy.0 = Debug-WSL-gcc|x64
		{20231215-0000-0000-0000-01283200000A}.Debug-WSL-gcc|x86.ActiveCfg = Debug-WSL-gcc|x86
		{20231215-0000-0000-0000-01283200000A}.Debug-WSL-gcc|x86.Build.0 = Debug-WSL-gcc|x86
		{20231215-0000-0000-0000-01283200000A}.Debug-WSL-gcc|x86.Deploy.0 = Debug-WSL-gcc|x86
		{20231215-0000-0000-0000-01283200000A}.Release|ARM.ActiveCfg = Release|ARM
		{20231215-0000-0000-0000-01283200000A}.Release|ARM.Build.0 = Release|ARM
		{20231215-0000-0000-0000-01283200000A}.Release|ARM.Deploy.0 = Release|ARM
		{20231215-0000-0000-0000-01283200000A}.Release|ARM64.ActiveCfg = Release|ARM64
		{20231215-0000-0000-0000-01283200000A}.Release|ARM64.Build.0 = Release|ARM64
		{20231215-0000-0000-0000-01283200000A}.Release|ARM64.Deploy.0 = Release|ARM64
		{20231215-0000-0000-0000-01283200000A}.Release|x64.ActiveCfg = Release|x64
		{20231215-0000-0000-0000-01283200000A}.Release|x64.Build.0 = Release|x64
		{20231215-0000-0000-0000-01283200000A}.Release|x64.Deploy.0 = Release|x64
		{20231215-0000-0000-0000-01283200000A}.Release|x86.ActiveCfg = Release|x86
		{20231215-0000-0000-0000-01283200000A}.Release|x86.Build.0 = Release|x86
		{20231215-0000-0000-0000-01283200000A}.Release|x86.Deploy.0 = Release|x86
		{20231228-0000-0000-0000-205316000001}.Debug-remote-gcc|ARM.ActiveCfg = Debug-remote-gcc|ARM
		{20231228-0000-0000-0000-205316000001}.Debug-remote-gcc|ARM.Build.0 = Debug-remote-gcc|ARM
		{20231228-0000-0000-0000-205316000001}.Debug-remote-gcc|ARM.Deploy.0 = Debug-remote-gcc|ARM
		{20231228-0000-0000-0000-205316000001}.Debug-remote-gcc|ARM64.ActiveCfg = Debug-remote-gcc|ARM64
		{20231228-0000-0000-0000-205316000001}.Debug-remote-gcc|ARM64.Build.0 = Debug-remote-gcc|ARM64
		{20231228-0000-0000-0000-205316000001}.Debug-remote-gcc|ARM64.Deploy.0 = Debug-remote-gcc|ARM64
		{20231228-0000-0000-0000-205316000001}.Debug-remote-gcc|x64.ActiveCfg = Debug-remote-gcc|x64
		{20231228-0000-0000-0000-205316000001}.Debug-remote-gcc|x64.Build.0 = Debug-remote-gcc|x64
		{20231228-0000-0000-0000-205316000001}.Debug-remote-gcc|x64.Deploy.0 = Debug-remote-gcc|x64
		{20231228-0000-0000-0000-205316000001}.Debug-remote-gcc|x86.ActiveCfg = Debug-remote-gcc|x86
		{20231228-0000-0000-0000-205316000001}.Debug-remote-gcc|x86.Build.0 = Debug-remote-gcc|x86
		{20231228-0000-0000-0000-205316000001}.Debug-remote-gcc|x86.Deploy.0 = Debug-remote-gcc|x86
		{20231228-0000-0000-0000-205316000001}.Debug-WSL-gcc|ARM.ActiveCfg = Debug-WSL-gcc|ARM
		{20231228-0000-0000-0000-205316000001}.Debug-WSL-gcc|ARM.Build.0 = Debug-WSL-gcc|ARM
		{20231228-0000-0000-0000-205316000001}.Debug-WSL-gcc|ARM.Deploy.0 = Debug-WSL-gcc|ARM
		{20231228-0000-0000-0000-205316000001}.Debug-WSL-gcc|ARM64.ActiveCfg = Debug-WSL-gcc|ARM64
		{20231228-0000-0000-0000-205316000001}.Debug-WSL-gcc|ARM64.Build.0 = Debug-WSL-gcc|ARM64
		{20231228-0000-0000-0000-205316000001}.Debug-WSL-gcc|ARM64.Deploy.0 = Debug-WSL-gcc|ARM64
		{20231228-0000-0000-0000-205316000001}.Debug-WSL-gcc|x64.ActiveCfg = Debug-WSL-gcc|x64
		{20231228-0000-0000-0000-205316000001}.Debug-WSL-gcc|x64.Build.0 = Debug-WSL-gcc|x64
		{20231228-0000-0000-0000-205316000001}.Debug-WSL-gcc|x64.Deploy.0 = Debug-WSL-gcc|x64
		{20231228-0000-0000-0000-205316000001}.Debug-WSL-gcc|x86.ActiveCfg = Debug-WSL-gcc|x86
		{20231228-0000-0000-0000-205316000001}.Debug-WSL-gcc|x86.Build.0 = Debug-WSL-gcc|x86
		{20231228-0000-0000-0000-205316000001}.Debug-WSL-gcc|x86.Deploy.0 = Debug-WSL-gcc|x86
		{20231228-0000-0000-0000-205316000001}.Release|ARM.ActiveCfg = Release|ARM
		{20231228-0000-0000-0000-205316000001}.Release|ARM.Build.0 = Release|ARM
		{20231228-0000-0000-0000-205316000001}.Release|ARM.Deploy.0 = Release|ARM
		{20231228-0000-0000-0000-205316000001}.Release|ARM64.ActiveCfg = Release|ARM64
		{20231228-0000-0000-0000-205316000001}.Release|ARM64.Build.0 = Release|ARM64
		{20231228-0000-0000-0000-205316000001}.Release|ARM64.Deploy.0 = Release|ARM64
		{20231228-0000-0000-0000-205316000001}.Release|x64.ActiveCfg = Release|x64
		{20231228-0000-0000-0000-205316000001}.Release|x64.Build.0 = Release|x64
		{20231228-0000-0000-0000-205316000001}.Release|x64.Deploy.0 = Release|x64
		{20231228-0000-0000-0000-205316000001}.Release|x86.ActiveCfg = Release|x86
		{20231228-0000-0000-0000-205316000001}.Release|x86.Build.0 = Release|x86
		{20231228-0000-0000-0000-205316000001}.Release|x86.Deploy.0 = Release|x86
		{20231229-0000-0000-0000-064836000001}.Debug-remote-gcc|ARM.ActiveCfg = Debug-remote-gcc|ARM
		{20231229-0000-0000-0000-064836000001}.Debug-remote-gcc|ARM.Build.0 = Debug-remote-gcc|ARM
		{20231229-0000-0000-0000-064836000001}.Debug-remote-gcc|ARM.Deploy.0 = Debug-remote-gcc|ARM
		{20231229-0000-0000-0000-064836000001}.Debug-remote-gcc|ARM64.ActiveCfg = Debug-remote-gcc|ARM64
		{20231229-0000-0000-0000-064836000001}.Debug-remote-gcc|ARM64.Build.0 = Debug-remote-gcc|ARM64
		{20231229-0000-0000-0000-064836000001}.Debug-remote-gcc|ARM64.Deploy.0 = Debug-remote-gcc|ARM64
		{20231229-0000-0000-0000-064836000001}.Debug-remote-gcc|x64.ActiveCfg = Debug-remote-gcc|x64
		{20231229-0000-0000-0000-064836000001}.Debug-remote-gcc|x64.Build.0 = Debug-remote-gcc|x64
		{20231229-0000-0000-0000-064836000001}.Debug-remote-gcc|x64.Deploy.0 = Debug-remote-gcc|x64
		{20231229-0000-0000-0000-064836000001}.Debug-remote-gcc|x86.ActiveCfg = Debug-remote-gcc|x86
		{20231229-0000-0000-0000-064836000001}.Debug-remote-gcc|x86.Build.0 = Debug-remote-gcc|x86
		{20231229-0000-0000-0000-064836000001}.Debug-remote-gcc|x86.Deploy.0 = Debug-remote-gcc|x86
		{20231229-0000-0000-0000-064836000001}.Debug-WSL-gcc|ARM.ActiveCfg = Debug-WSL-gcc|ARM
		{20231229-0000-0000-0000-064836000001}.Debug-WSL-gcc|ARM.Build.0 = Debug-WSL-gcc|ARM
		{20231229-0000-0000-0000-064836000001}.Debug-WSL-gcc|ARM.Deploy.0 = Debug-WSL-gcc|ARM
		{20231229-0000-0000-0000-064836000001}.Debug-WSL-gcc|ARM64.ActiveCfg = Debug-WSL-gcc|ARM64
		{20231229-0000-0000-0000-064836000001}.Debug-WSL-gcc|ARM64.Build.0 = Debug-WSL-gcc|ARM64
		{20231229-0000-0000-0000-064836000001}.Debug-WSL-gcc|ARM64.Deploy.0 = Debug-WSL-gcc|ARM64
		{20231229-0000-0000-0000-064836000001}.Debug-WSL-gcc|x64.ActiveCfg = Debug-WSL-gcc|x64
		{20231229-0000-0000-0000-064836000001}.Debug-WSL-gcc|x64.Build.0 = Debug-WSL-gcc|x64
		{20231229-0000-0000-0000-064836000001}.Debug-WSL-gcc|x64.Deploy.0 = Debug-WSL-gcc|x64
		{20231229-0000-0000-0000-064836000001}.Debug-WSL-gcc|x86.ActiveCfg = Debug-WSL-gcc|x86
		{20231229-0000-0000-0000-064836000001}.Debug-WSL-gcc|x86.Build.0 = Debug-WSL-gcc|x86
		{20231229-0000-0000-0000-064836000001}.Debug-WSL-gcc|x86.Deploy.0 = Debug-WSL-gcc|x86
		{20231229-0000-0000-0000-064836000001}.Release|ARM.ActiveCfg = Release|ARM
		{20231229-0000-0000-0000-064836000001}.Release|ARM.Build.0 = Release|ARM
		{20231229-0000-0000-0000-064836000001}.Release|ARM.Deploy.0 = Release|ARM
		{20231229-0000-0000-0000-064836000001}.Release|ARM64.ActiveCfg = Release|ARM64
		{20231229-0000-0000-0000-064836000001}.Release|ARM64.Build.0 = Release|ARM64
		{20231229-0000-0000-0000-064836000001}.Release|ARM64.Deploy.0 = Release|ARM64
		{20231229-0000-0000-0000-064836000001}.Release|x64.ActiveCfg = Release|x64
		{20231229-0000-0000-0000-064836000001}.Release|x64.Build.0 = Release|x64
		{20231229-0000-0000-0000-064836000001}.Release|x64.Deploy.0 = Release|x64
		{20231229-0000-0000-0000-064836000001}.Release|x86.ActiveCfg = Release|x86
		{20231229-0000-0000-0000-064836000001}.Release|x86.Build.0 = Release|x86
		{20231229-0000-0000-0000-064836000001}.Release|x86.Deploy.0 = Release|x86
		{20231215-0000-0000-0000-01200900000A}.Debug-remote-gcc|ARM.ActiveCfg = Debug-remote-gcc|ARM
		{20231215-0000-0000-0000-01200900000A}.Debug-remote-gcc|ARM.Build.0 = Debug-remote-gcc|ARM
		{20231215-0000-0000-0000-01200900000A}.Debug-remote-gcc|ARM.Deploy.0 = Debug-remote-gcc|ARM
		{20231215-0000-0000-0000-01200900000A}.Debug-remote-gcc|ARM64.ActiveCfg = Debug-remote-gcc|ARM64
		{20231215-0000-0000-0000-01200900000A}.Debug-remote-gcc|ARM64.Build.0 = Debug-remote-gcc|ARM64
		{20231215-0000-0000-0000-01200900000A}.Debug-remote-gcc|ARM64.Deploy.0 = Debug-remote-gcc|ARM64
		{20231215-0000-0000-0000-01200900000A}.Debug-remote-gcc|x64.ActiveCfg = Debug-remote-gcc|x64
		{20231215-0000-0000-0000-01200900000A}.Debug-remote-gcc|x64.Build.0 = Debug-remote-gcc|x64
		{20231215-0000-0000-0000-01200900000A}.Debug-remote-gcc|x64.Deploy.0 = Debug-remote-gcc|x64
		{20231215-0000-0000-0000-01200900000A}.Debug-remote-gcc|x86.ActiveCfg = Debug-remote-gcc|x86
		{20231215-0000-0000-0000-01200900000A}.Debug-remote-gcc|x86.Build.0 = Debug-remote-gcc|x86
		{20231215-0000-0000-0000-01200900000A}.Debug-remote-gcc|x86.Deploy.0 = Debug-remote-gcc|x86
		{20231215-0000-0000-0000-01200900000A}.Debug-WSL-gcc|ARM.ActiveCfg = Debug-WSL-gcc|ARM
		{20231215-0000-0000-0000-01200900000A}.Debug-WSL-gcc|ARM.Build.0 = Debug-WSL-gcc|ARM
		{20231215-0000-0000-0000-01200900000A}.Debug-WSL-gcc|ARM.Deploy.0 = Debug-WSL-gcc|ARM
		{20231215-0000-0000-0000-01200900000A}.Debug-WSL-gcc|ARM64.ActiveCfg = Debug-WSL-gcc|ARM64
		{20231215-0000-0000-0000-01200900000A}.Debug-WSL-gcc|ARM64.Build.0 = Debug-WSL-gcc|ARM64
		{20231215-0000-0000-0000-01200900000A}.Debug-WSL-gcc|ARM64.Deploy.0 = Debug-WSL-gcc|ARM64
		{20231215-0000-0000-0000-01200900000A}.Debug-WSL-gcc|x64.ActiveCfg = Debug-WSL-gcc|x64
		{20231215-0000-0000-0000-01200900000A}.Debug-WSL-gcc|x64.Build.0 = Debug-WSL-gcc|x64
		{20231215-0000-0000-0000-01200900000A}.Debug-WSL-gcc|x64.Deploy.0 = Debug-WSL-gcc|x64
		{20231215-0000-0000-0000-01200900000A}.Debug-WSL-gcc|x86.ActiveCfg = Debug-WSL-gcc|x86
		{20231215-0000-0000-0000-01200900000A}.Debug-WSL-gcc|x86.Build.0 = Debug-WSL-gcc|x86
		{20231215-0000-0000-0000-01200900000A}.Debug-WSL-gcc|x86.Deploy.0 = Debug-WSL-gcc|x86
		{20231215-0000-0000-0000-01200900000A}.Release|ARM.ActiveCfg = Release|ARM
		{20231215-0000-0000-0000-01200900000A}.Release|ARM.Build.0 = Release|ARM
		{20231215-0000-0000-0000-01200900000A}.Release|ARM.Deploy.0 = Release|ARM
		{20231215-0000-0000-0000-01200900000A}.Release|ARM64.ActiveCfg = Release|ARM64
		{20231215-0000-0000-0000-01200900000A}.Release|ARM64.Build.0 = Release|ARM64
		{20231215-0000-0000-0000-01200900000A}.Release|ARM64.Deploy.0 = Release|ARM64
		{20231215-0000-0000-0000-01200900000A}.Release|x64.ActiveCfg = Release|x64
		{20231215-0000-0000-0000-01200900000A}.Release|x64.Build.0 = Release|x64
		{20231215-0000-0000-0000-01200900000A}.Release|x64.Deploy.0 = Release|x64
		{20231215-0000-0000-0000-01200900000A}.Release|x86.ActiveCfg = Release|x86
		{20231215-0000-0000-0000-01200900000A}.Release|x86.Build.0 = Release|x86
		{20231215-0000-0000-0000-01200900000A}.Release|x86.Deploy.0 = Release|x86
		{20231215-0000-0000-0000-012832000A00}.Debug-remote-gcc|ARM.ActiveCfg = Debug-remote-gcc|ARM
		{20231215-0000-0000-0000-012832000A00}.Debug-remote-gcc|ARM.Build.0 = Debug-remote-gcc|ARM
		{20231215-0000-0000-0000-012832000A00}.Debug-remote-gcc|ARM.Deploy.0 = Debug-remote-gcc|ARM
		{20231215-0000-0000-0000-012832000A00}.Debug-remote-gcc|ARM64.ActiveCfg = Debug-remote-gcc|ARM64
		{20231215-0000-0000-0000-012832000A00}.Debug-remote-gcc|ARM64.Build.0 = Debug-remote-gcc|ARM64
		{20231215-0000-0000-0000-012832000A00}.Debug-remote-gcc|ARM64.Deploy.0 = Debug-remote-gcc|ARM64
		{20231215-0000-0000-0000-012832000A00}.Debug-remote-gcc|x64.ActiveCfg = Debug-remote-gcc|x64
		{20231215-0000-0000-0000-012832000A00}.Debug-remote-gcc|x64.Build.0 = Debug-remote-gcc|x64
		{20231215-0000-0000-0000-012832000A00}.Debug-remote-gcc|x64.Deploy.0 = Debug-remote-gcc|x64
		{20231215-0000-0000-0000-012832000A00}.Debug-remote-gcc|x86.ActiveCfg = Debug-remote-gcc|x86
		{20231215-0000-0000-0000-012832000A00}.Debug-remote-gcc|x86.Build.0 = Debug-remote-gcc|x86
		{20231215-0000-0000-0000-012832000A00}.Debug-remote-gcc|x86.Deploy.0 = Debug-remote-gcc|x86
		{20231215-0000-0000-0000-012832000A00}.Debug-WSL-gcc|ARM.ActiveCfg = Debug-WSL-gcc|ARM
		{20231215-0000-0000-0000-012832000A00}.Debug-WSL-gcc|ARM.Build.0 = Debug-WSL-gcc|ARM
		{20231215-0000-0000-0000-012832000A00}.Debug-WSL-gcc|ARM.Deploy.0 = Debug-WSL-gcc|ARM
		{20231215-0000-0000-0000-012832000A00}.Debug-WSL-gcc|ARM64.ActiveCfg = Debug-WSL-gcc|ARM64
		{20231215-0000-0000-0000-012832000A00}.Debug-WSL-gcc|ARM64.Build.0 = Debug-WSL-gcc|ARM64
		{20231215-0000-0000-0000-012832000A00}.Debug-WSL-gcc|ARM64.Deploy.0 = Debug-WSL-gcc|ARM64
		{20231215-0000-0000-0000-012832000A00}.Debug-WSL-gcc|x64.ActiveCfg = Debug-WSL-gcc|x64
		{20231215-0000-0000-0000-012832000A00}.Debug-WSL-gcc|x64.Build.0 = Debug-WSL-gcc|x64
		{20231215-0000-0000-0000-012832000A00}.Debug-WSL-gcc|x64.Deploy.0 = Debug-WSL-gcc|x64
		{20231215-0000-0000-0000-012832000A00}.Debug-WSL-gcc|x86.ActiveCfg = Debug-WSL-gcc|x86
		{20231215-0000-0000-0000-012832000A00}.Debug-WSL-gcc|x86.Build.0 = Debug-WSL-gcc|x86
		{20231215-0000-0000-0000-012832000A00}.Debug-WSL-gcc|x86.Deploy.0 = Debug-WSL-gcc|x86
		{20231215-0000-0000-0000-012832000A00}.Release|ARM.ActiveCfg = Release|ARM
		{20231215-0000-0000-0000-012832000A00}.Release|ARM.Build.0 = Release|ARM
		{20231215-0000-0000-0000-012832000A00}.Release|ARM.Deploy.0 = Release|ARM
		{20231215-0000-0000-0000-012832000A00}.Release|ARM64.ActiveCfg = Release|ARM64
		{20231215-0000-0000-0000-012832000A00}.Release|ARM64.Build.0 = Release|ARM64
		{20231215-0000-0000-0000-012832000A00}.Release|ARM64.Deploy.0 = Release|ARM64
		{20231215-0000-0000-0000-012832000A00}.Release|x64.ActiveCfg = Release|x64
		{20231215-0000-0000-0000-012832000A00}.Release|x64.Build.0 = Release|x64
		{20231215-0000-0000-0000-012832000A00}.Release|x64.Deploy.0 = Release|x64
		{20231215-0000-0000-0000-012832000A00}.Release|x86.ActiveCfg = Release|x86
		{20231215-0000-0000-0000-012832000A00}.Release|x86.Build.0 = Release|x86
		{20231215-0000-0000-0000-012832000A00}.Release|x86.Deploy.0 = Release|x86
		{20231229-0000-0000-0000-06483600000A}.Debug-remote-gcc|ARM.ActiveCfg = Debug-remote-gcc|ARM
		{20231229-0000-0000-0000-06483600000A}.Debug-remote-gcc|ARM.Build.0 = Debug-remote-gcc|ARM
		{20231229-0000-0000-0000-06483600000A}.Debug-remote-gcc|ARM.Deploy.0 = Debug-remote-gcc|ARM
		{20231229-0000-0000-0000-06483600000A}.Debug-remote-gcc|ARM64.ActiveCfg = Debug-remote-gcc|ARM64
		{20231229-0000-0000-0000-06483600000A}.Debug-remote-gcc|ARM64.Build.0 = Debug-remote-gcc|ARM64
		{20231229-0000-0000-0000-06483600000A}.Debug-remote-gcc|ARM64.Deploy.0 = Debug-remote-gcc|ARM64
		{20231229-0000-0000-0000-06483600000A}.Debug-remote-gcc|x64.ActiveCfg = Debug-remote-gcc|x64
		{20231229-0000-0000-0000-06483600000A}.Debug-remote-gcc|x64.Build.0 = Debug-remote-gcc|x64
		{20231229-0000-0000-0000-06483600000A}.Debug-remote-gcc|x64.Deploy.0 = Debug-remote-gcc|x64
		{20231229-0000-0000-0000-06483600000A}.Debug-remote-gcc|x86.ActiveCfg = Debug-remote-gcc|x86
		{20231229-0000-0000-0000-06483600000A}.Debug-remote-gcc|x86.Build.0 = Debug-remote-gcc|x86
		{20231229-0000-0000-0000-06483600000A}.Debug-remote-gcc|x86.Deploy.0 = Debug-remote-gcc|x86
		{20231229-0000-0000-0000-06483600000A}.Debug-WSL-gcc|ARM.ActiveCfg = Debug-WSL-gcc|ARM
		{20231229-0000-0000-0000-06483600000A}.Debug-WSL-gcc|ARM.Build.0 = Debug-WSL-gcc|ARM
		{20231229-0000-0000-0000-06483600000A}.Debug-WSL-gcc|ARM.Deploy.0 = Debug-WSL-gcc|ARM
		{20231229-0000-0000-0000-06483600000A}.Debug-WSL-gcc|ARM64.ActiveCfg = Debug-WSL-gcc|ARM64
		{20231229-0000-0000-0000-06483600000A}.Debug-WSL-gcc|ARM64.Build.0 = Debug-WSL-gcc|ARM64
		{20231229-0000-0000-0000-06483600000A}.Debug-WSL-gcc|ARM64.Deploy.0 = Debug-WSL-gcc|ARM64
		{20231229-0000-0000-0000-06483600000A}.Debug-WSL-gcc|x64.ActiveCfg = Debug-WSL-gcc|x64
		{20231229-0000-0000-0000-06483600000A}.Debug-WSL-gcc|x64.Build.0 = Debug-WSL-gcc|x64
		{20231229-0000-0000-0000-06483600000A}.Debug-WSL-gcc|x64.Deploy.0 = Debug-WSL-gcc|x64
		{20231229-0000-0000-0000-06483600000A}.Debug-WSL-gcc|x86.ActiveCfg = Debug-WSL-gcc|x86
		{20231229-0000-0000-0000-06483600000A}.Debug-WSL-gcc|x86.Build.0 = Debug-WSL-gcc|x86
		{20231229-0000-0000-0000-06483600000A}.Debug-WSL-gcc|x86.Deploy.0 = Debug-WSL-gcc|x86
		{20231229-0000-0000-0000-06483600000A}.Release|ARM.ActiveCfg = Release|ARM
		{20231229-0000-0000-0000-06483600000A}.Release|ARM.Build.0 = Release|ARM
		{20231229-0000-0000-0000-06483600000A}.Release|ARM.Deploy.0 = Release|ARM
		{20231229-0000-0000-0000-06483600000A}.Release|ARM64.ActiveCfg = Release|ARM64
		{20231229-0000-0000-0000-06483600000A}.Release|ARM64.Build.0 = Release|ARM64
		{20231229-0000-0000-0000-06483600000A}.Release|ARM64.Deploy.0 = Release|ARM64
		{20231229-0000-0000-0000-06483600000A}.Release|x64.ActiveCfg = Release|x64
		{20231229-0000-0000-0000-06483600000A}.Release|x64.Build.0 = Release|x64
		{20231229-0000-0000-0000-06483600000A}.Release|x64.Deploy.0 = Release|x64
		{20231229-0000-0000-0000-06483600000A}.Release|x86.ActiveCfg = Release|x86
		{20231229-0000-0000-0000-06483600000A}.Release|x86.Build.0 = Release|x86
		{20231229-0000-0000-0000-06483600000A}.Release|x86.Deploy.0 = Release|x86
	EndGlobalSection
	GlobalSection(SolutionProperties) = preSolution
		HideSolutionNode = FALSE
	EndGlobalSection
	GlobalSection(ExtensibilityGlobals) = postSolution
		SolutionGuid = {558A018E-FD04-4DBD-A5DD-208D048BA8FE}
	EndGlobalSection
EndGlobal
